// !$*UTF8*$!
{
	archiveVersion = 1;
	classes = {
	};
	objectVersion = 51;
	objects = {

/* Begin PBXBuildFile section */
		6603E525250E507700864C37 /* LivePhotoCategoryCollectionViewCell.swift in Sources */ = {isa = PBXBuildFile; fileRef = 6603E523250E507700864C37 /* LivePhotoCategoryCollectionViewCell.swift */; };
		6603E526250E507700864C37 /* LivePhotoCategoryCollectionViewCell.xib in Resources */ = {isa = PBXBuildFile; fileRef = 6603E524250E507700864C37 /* LivePhotoCategoryCollectionViewCell.xib */; };
		6603E52A250E561A00864C37 /* LivePhotoGalleryViewController.swift in Sources */ = {isa = PBXBuildFile; fileRef = 6603E528250E561A00864C37 /* LivePhotoGalleryViewController.swift */; };
		6603E52B250E561A00864C37 /* LivePhotoGalleryViewController.xib in Resources */ = {isa = PBXBuildFile; fileRef = 6603E529250E561A00864C37 /* LivePhotoGalleryViewController.xib */; };
		6603E52E250EF46700864C37 /* LivePhotoGalleryCollectionViewCell.swift in Sources */ = {isa = PBXBuildFile; fileRef = 6603E52C250EF46700864C37 /* LivePhotoGalleryCollectionViewCell.swift */; };
		6603E52F250EF46700864C37 /* LivePhotoGalleryCollectionViewCell.xib in Resources */ = {isa = PBXBuildFile; fileRef = 6603E52D250EF46700864C37 /* LivePhotoGalleryCollectionViewCell.xib */; };
		6603E53225165FAC00864C37 /* LivePhotoPrivacyContentViewController.swift in Sources */ = {isa = PBXBuildFile; fileRef = 6603E53125165FAC00864C37 /* LivePhotoPrivacyContentViewController.swift */; };
		660AF22324B73E760042C2FB /* AppDelegate.swift in Sources */ = {isa = PBXBuildFile; fileRef = 660AF22224B73E760042C2FB /* AppDelegate.swift */; };
		660AF22724B73E760042C2FB /* LPRootViewController.swift in Sources */ = {isa = PBXBuildFile; fileRef = 660AF22624B73E760042C2FB /* LPRootViewController.swift */; };
		660AF22A24B73E760042C2FB /* Main.storyboard in Resources */ = {isa = PBXBuildFile; fileRef = 660AF22824B73E760042C2FB /* Main.storyboard */; };
		660AF22C24B73E770042C2FB /* Assets.xcassets in Resources */ = {isa = PBXBuildFile; fileRef = 660AF22B24B73E770042C2FB /* Assets.xcassets */; };
		660AF22F24B73E770042C2FB /* LaunchScreen.storyboard in Resources */ = {isa = PBXBuildFile; fileRef = 660AF22D24B73E770042C2FB /* LaunchScreen.storyboard */; };
		660AF23A24B73E780042C2FB /* WallpaperTests.swift in Sources */ = {isa = PBXBuildFile; fileRef = 660AF23924B73E780042C2FB /* WallpaperTests.swift */; };
		660AF24524B73E780042C2FB /* WallpaperUITests.swift in Sources */ = {isa = PBXBuildFile; fileRef = 660AF24424B73E780042C2FB /* WallpaperUITests.swift */; };
		660AF25324B73F5B0042C2FB /* LivePhotoHelper.swift in Sources */ = {isa = PBXBuildFile; fileRef = 660AF25224B73F5B0042C2FB /* LivePhotoHelper.swift */; };
		660AF25524B743600042C2FB /* LivePhotoDownloader.swift in Sources */ = {isa = PBXBuildFile; fileRef = 660AF25424B743600042C2FB /* LivePhotoDownloader.swift */; };
		660AF26524B897480042C2FB /* LivePhotoUploader.swift in Sources */ = {isa = PBXBuildFile; fileRef = 660AF26424B897480042C2FB /* LivePhotoUploader.swift */; };
		660AF26F24B8A94B0042C2FB /* QiniuHelper.swift in Sources */ = {isa = PBXBuildFile; fileRef = 660AF26E24B8A94B0042C2FB /* QiniuHelper.swift */; };
		660DD79024C5471E00A26AD1 /* LPLivePhotoSourceManager.swift in Sources */ = {isa = PBXBuildFile; fileRef = 660DD78F24C5471E00A26AD1 /* LPLivePhotoSourceManager.swift */; };
		660DD79224C59A5900A26AD1 /* LivePhotoCategoryViewController.swift in Sources */ = {isa = PBXBuildFile; fileRef = 660DD79124C59A5900A26AD1 /* LivePhotoCategoryViewController.swift */; };
		661A6A6124C59C570005E91F /* LivePhotoCategory.swift in Sources */ = {isa = PBXBuildFile; fileRef = 661A6A6024C59C570005E91F /* LivePhotoCategory.swift */; };
		664651D624C5A5A9001B9B2C /* LivePhotoNetworkHelper.swift in Sources */ = {isa = PBXBuildFile; fileRef = 664651D524C5A5A9001B9B2C /* LivePhotoNetworkHelper.swift */; };
		664651D824C5BB5E001B9B2C /* LivePhotoModel.swift in Sources */ = {isa = PBXBuildFile; fileRef = 664651D724C5BB5E001B9B2C /* LivePhotoModel.swift */; };
		664651DC24C6CD1D001B9B2C /* LivePhotoDetailViewController.swift in Sources */ = {isa = PBXBuildFile; fileRef = 664651DB24C6CD1D001B9B2C /* LivePhotoDetailViewController.swift */; };
		664651DF24C81DF6001B9B2C /* LivePhotoDetailCollectionViewCell.swift in Sources */ = {isa = PBXBuildFile; fileRef = 664651DD24C81DF6001B9B2C /* LivePhotoDetailCollectionViewCell.swift */; };
		664651E024C81DF6001B9B2C /* LivePhotoDetailCollectionViewCell.xib in Resources */ = {isa = PBXBuildFile; fileRef = 664651DE24C81DF6001B9B2C /* LivePhotoDetailCollectionViewCell.xib */; };
		6646520124C97701001B9B2C /* 200w_00016.png in Resources */ = {isa = PBXBuildFile; fileRef = 664651E324C97701001B9B2C /* 200w_00016.png */; };
		6646520224C97701001B9B2C /* 200w_00002.png in Resources */ = {isa = PBXBuildFile; fileRef = 664651E424C97701001B9B2C /* 200w_00002.png */; };
		6646520324C97701001B9B2C /* 200w_00003.png in Resources */ = {isa = PBXBuildFile; fileRef = 664651E524C97701001B9B2C /* 200w_00003.png */; };
		6646520424C97701001B9B2C /* 200w_00017.png in Resources */ = {isa = PBXBuildFile; fileRef = 664651E624C97701001B9B2C /* 200w_00017.png */; };
		6646520524C97701001B9B2C /* 200w_00001.png in Resources */ = {isa = PBXBuildFile; fileRef = 664651E724C97701001B9B2C /* 200w_00001.png */; };
		6646520624C97701001B9B2C /* 200w_00015.png in Resources */ = {isa = PBXBuildFile; fileRef = 664651E824C97701001B9B2C /* 200w_00015.png */; };
		6646520724C97701001B9B2C /* 200w_00029.png in Resources */ = {isa = PBXBuildFile; fileRef = 664651E924C97701001B9B2C /* 200w_00029.png */; };
		6646520824C97701001B9B2C /* 200w_00028.png in Resources */ = {isa = PBXBuildFile; fileRef = 664651EA24C97701001B9B2C /* 200w_00028.png */; };
		6646520924C97701001B9B2C /* 200w_00014.png in Resources */ = {isa = PBXBuildFile; fileRef = 664651EB24C97701001B9B2C /* 200w_00014.png */; };
		6646520A24C97701001B9B2C /* 200w_00000.png in Resources */ = {isa = PBXBuildFile; fileRef = 664651EC24C97701001B9B2C /* 200w_00000.png */; };
		6646520B24C97701001B9B2C /* 200w_00004.png in Resources */ = {isa = PBXBuildFile; fileRef = 664651ED24C97701001B9B2C /* 200w_00004.png */; };
		6646520C24C97701001B9B2C /* 200w_00010.png in Resources */ = {isa = PBXBuildFile; fileRef = 664651EE24C97701001B9B2C /* 200w_00010.png */; };
		6646520D24C97701001B9B2C /* 200w_00011.png in Resources */ = {isa = PBXBuildFile; fileRef = 664651EF24C97701001B9B2C /* 200w_00011.png */; };
		6646520E24C97701001B9B2C /* 200w_00005.png in Resources */ = {isa = PBXBuildFile; fileRef = 664651F024C97701001B9B2C /* 200w_00005.png */; };
		6646520F24C97701001B9B2C /* 200w_00013.png in Resources */ = {isa = PBXBuildFile; fileRef = 664651F124C97701001B9B2C /* 200w_00013.png */; };
		6646521024C97701001B9B2C /* 200w_00007.png in Resources */ = {isa = PBXBuildFile; fileRef = 664651F224C97701001B9B2C /* 200w_00007.png */; };
		6646521124C97701001B9B2C /* 200w_00006.png in Resources */ = {isa = PBXBuildFile; fileRef = 664651F324C97701001B9B2C /* 200w_00006.png */; };
		6646521224C97701001B9B2C /* 200w_00012.png in Resources */ = {isa = PBXBuildFile; fileRef = 664651F424C97701001B9B2C /* 200w_00012.png */; };
		6646521324C97701001B9B2C /* 200w_00023.png in Resources */ = {isa = PBXBuildFile; fileRef = 664651F524C97701001B9B2C /* 200w_00023.png */; };
		6646521424C97701001B9B2C /* 200w_00022.png in Resources */ = {isa = PBXBuildFile; fileRef = 664651F624C97701001B9B2C /* 200w_00022.png */; };
		6646521524C97701001B9B2C /* 200w_00020.png in Resources */ = {isa = PBXBuildFile; fileRef = 664651F724C97701001B9B2C /* 200w_00020.png */; };
		6646521624C97701001B9B2C /* 200w_00008.png in Resources */ = {isa = PBXBuildFile; fileRef = 664651F824C97701001B9B2C /* 200w_00008.png */; };
		6646521724C97701001B9B2C /* 200w_00009.png in Resources */ = {isa = PBXBuildFile; fileRef = 664651F924C97701001B9B2C /* 200w_00009.png */; };
		6646521824C97701001B9B2C /* 200w_00021.png in Resources */ = {isa = PBXBuildFile; fileRef = 664651FA24C97701001B9B2C /* 200w_00021.png */; };
		6646521924C97701001B9B2C /* 200w_00019.png in Resources */ = {isa = PBXBuildFile; fileRef = 664651FB24C97701001B9B2C /* 200w_00019.png */; };
		6646521A24C97701001B9B2C /* 200w_00025.png in Resources */ = {isa = PBXBuildFile; fileRef = 664651FC24C97701001B9B2C /* 200w_00025.png */; };
		6646521B24C97701001B9B2C /* 200w_00024.png in Resources */ = {isa = PBXBuildFile; fileRef = 664651FD24C97701001B9B2C /* 200w_00024.png */; };
		6646521C24C97701001B9B2C /* 200w_00018.png in Resources */ = {isa = PBXBuildFile; fileRef = 664651FE24C97701001B9B2C /* 200w_00018.png */; };
		6646521D24C97701001B9B2C /* 200w_00026.png in Resources */ = {isa = PBXBuildFile; fileRef = 664651FF24C97701001B9B2C /* 200w_00026.png */; };
		6646521E24C97701001B9B2C /* 200w_00027.png in Resources */ = {isa = PBXBuildFile; fileRef = 6646520024C97701001B9B2C /* 200w_00027.png */; };
		6646522324C99809001B9B2C /* UIView+Toast.m in Sources */ = {isa = PBXBuildFile; fileRef = 6646522224C99809001B9B2C /* UIView+Toast.m */; };
		6646522E24CA956E001B9B2C /* JPEG.swift in Sources */ = {isa = PBXBuildFile; fileRef = 6646522C24CA956D001B9B2C /* JPEG.swift */; };
		6646522F24CA956E001B9B2C /* QuickTimeMov.swift in Sources */ = {isa = PBXBuildFile; fileRef = 6646522D24CA956D001B9B2C /* QuickTimeMov.swift */; };
		6646523224CAB054001B9B2C /* LPMenuViewController.swift in Sources */ = {isa = PBXBuildFile; fileRef = 6646523124CAB054001B9B2C /* LPMenuViewController.swift */; };
		6646523724CAB43D001B9B2C /* TwicketSegmentedControl.swift in Sources */ = {isa = PBXBuildFile; fileRef = 6646523424CAB43D001B9B2C /* TwicketSegmentedControl.swift */; };
		6646523824CAB43D001B9B2C /* Palette.swift in Sources */ = {isa = PBXBuildFile; fileRef = 6646523524CAB43D001B9B2C /* Palette.swift */; };
		6646523924CAB43D001B9B2C /* UIViewShadowExtension.swift in Sources */ = {isa = PBXBuildFile; fileRef = 6646523624CAB43D001B9B2C /* UIViewShadowExtension.swift */; };
		6646523B24CABF82001B9B2C /* LPSegmentView.swift in Sources */ = {isa = PBXBuildFile; fileRef = 6646523A24CABF82001B9B2C /* LPSegmentView.swift */; };
		6646523E24CAC279001B9B2C /* LPColor.swift in Sources */ = {isa = PBXBuildFile; fileRef = 6646523D24CAC279001B9B2C /* LPColor.swift */; };
		6646524124CAD098001B9B2C /* LPSettingViewController.swift in Sources */ = {isa = PBXBuildFile; fileRef = 6646524024CAD098001B9B2C /* LPSettingViewController.swift */; };
		6646524624CAD733001B9B2C /* AdManager.swift in Sources */ = {isa = PBXBuildFile; fileRef = 6646524524CAD733001B9B2C /* AdManager.swift */; };
		66515E4224C024DC0075095C /* LPPurchaseManager.swift in Sources */ = {isa = PBXBuildFile; fileRef = 66515E4124C024DC0075095C /* LPPurchaseManager.swift */; };
		6675D4BF24CECB0C007DC3A7 /* LivePhotoAlubmCollectionViewCell.swift in Sources */ = {isa = PBXBuildFile; fileRef = 6675D4BD24CECB0C007DC3A7 /* LivePhotoAlubmCollectionViewCell.swift */; };
		6675D4C024CECB0C007DC3A7 /* LivePhotoAlubmCollectionViewCell.xib in Resources */ = {isa = PBXBuildFile; fileRef = 6675D4BE24CECB0C007DC3A7 /* LivePhotoAlubmCollectionViewCell.xib */; };
		6675D4C324CED8E4007DC3A7 /* LPUpgradeBannerView.swift in Sources */ = {isa = PBXBuildFile; fileRef = 6675D4C224CED8E4007DC3A7 /* LPUpgradeBannerView.swift */; };
		667716A224D02472005CD7EF /* LPAdvanceViewController.swift in Sources */ = {isa = PBXBuildFile; fileRef = 667716A024D02472005CD7EF /* LPAdvanceViewController.swift */; };
		667716A324D02472005CD7EF /* LPAdvanceViewController.xib in Resources */ = {isa = PBXBuildFile; fileRef = 667716A124D02472005CD7EF /* LPAdvanceViewController.xib */; };
		667716A624D12765005CD7EF /* LPProductTableViewCell.swift in Sources */ = {isa = PBXBuildFile; fileRef = 667716A424D12765005CD7EF /* LPProductTableViewCell.swift */; };
		667716A724D12765005CD7EF /* LPProductTableViewCell.xib in Resources */ = {isa = PBXBuildFile; fileRef = 667716A524D12765005CD7EF /* LPProductTableViewCell.xib */; };
		667716AC24D455FE005CD7EF /* LivePhotoCategoryTableViewCell.swift in Sources */ = {isa = PBXBuildFile; fileRef = 667716AA24D455FE005CD7EF /* LivePhotoCategoryTableViewCell.swift */; };
		667716AD24D455FE005CD7EF /* LivePhotoCategoryTableViewCell.xib in Resources */ = {isa = PBXBuildFile; fileRef = 667716AB24D455FE005CD7EF /* LivePhotoCategoryTableViewCell.xib */; };
		667716AF24D4F7E0005CD7EF /* LPConstants.swift in Sources */ = {isa = PBXBuildFile; fileRef = 667716AE24D4F7E0005CD7EF /* LPConstants.swift */; };
		66A749BE24D0137A0034C916 /* LPUpgradeViewController.xib in Resources */ = {isa = PBXBuildFile; fileRef = 66A749BC24D0137A0034C916 /* LPUpgradeViewController.xib */; };
		66A749BF24D0137A0034C916 /* LPUpgradeViewController.swift in Sources */ = {isa = PBXBuildFile; fileRef = 66A749BD24D0137A0034C916 /* LPUpgradeViewController.swift */; };
		66F3C84824CEDED2009DE086 /* LPAccount.swift in Sources */ = {isa = PBXBuildFile; fileRef = 66F3C84724CEDED2009DE086 /* LPAccount.swift */; };
		CE9D1A95F96E447E7AA7553A /* libPods-Wallpaper.a in Frameworks */ = {isa = PBXBuildFile; fileRef = EADB868DCF283667142BE229 /* libPods-Wallpaper.a */; };
/* End PBXBuildFile section */

/* Begin PBXContainerItemProxy section */
		660AF23624B73E780042C2FB /* PBXContainerItemProxy */ = {
			isa = PBXContainerItemProxy;
			containerPortal = 660AF21724B73E760042C2FB /* Project object */;
			proxyType = 1;
			remoteGlobalIDString = 660AF21E24B73E760042C2FB;
			remoteInfo = Wallpaper;
		};
		660AF24124B73E780042C2FB /* PBXContainerItemProxy */ = {
			isa = PBXContainerItemProxy;
			containerPortal = 660AF21724B73E760042C2FB /* Project object */;
			proxyType = 1;
			remoteGlobalIDString = 660AF21E24B73E760042C2FB;
			remoteInfo = Wallpaper;
		};
/* End PBXContainerItemProxy section */

/* Begin PBXFileReference section */
		20D86C73562B8CE670E00EAC /* Pods-Wallpaper.release.xcconfig */ = {isa = PBXFileReference; includeInIndex = 1; lastKnownFileType = text.xcconfig; name = "Pods-Wallpaper.release.xcconfig"; path = "Target Support Files/Pods-Wallpaper/Pods-Wallpaper.release.xcconfig"; sourceTree = "<group>"; };
		6603E523250E507700864C37 /* LivePhotoCategoryCollectionViewCell.swift */ = {isa = PBXFileReference; lastKnownFileType = sourcecode.swift; path = LivePhotoCategoryCollectionViewCell.swift; sourceTree = "<group>"; };
		6603E524250E507700864C37 /* LivePhotoCategoryCollectionViewCell.xib */ = {isa = PBXFileReference; lastKnownFileType = file.xib; path = LivePhotoCategoryCollectionViewCell.xib; sourceTree = "<group>"; };
		6603E528250E561A00864C37 /* LivePhotoGalleryViewController.swift */ = {isa = PBXFileReference; lastKnownFileType = sourcecode.swift; path = LivePhotoGalleryViewController.swift; sourceTree = "<group>"; };
		6603E529250E561A00864C37 /* LivePhotoGalleryViewController.xib */ = {isa = PBXFileReference; lastKnownFileType = file.xib; path = LivePhotoGalleryViewController.xib; sourceTree = "<group>"; };
		6603E52C250EF46700864C37 /* LivePhotoGalleryCollectionViewCell.swift */ = {isa = PBXFileReference; lastKnownFileType = sourcecode.swift; path = LivePhotoGalleryCollectionViewCell.swift; sourceTree = "<group>"; };
		6603E52D250EF46700864C37 /* LivePhotoGalleryCollectionViewCell.xib */ = {isa = PBXFileReference; lastKnownFileType = file.xib; path = LivePhotoGalleryCollectionViewCell.xib; sourceTree = "<group>"; };
		6603E53125165FAC00864C37 /* LivePhotoPrivacyContentViewController.swift */ = {isa = PBXFileReference; lastKnownFileType = sourcecode.swift; path = LivePhotoPrivacyContentViewController.swift; sourceTree = "<group>"; };
		660AF21F24B73E760042C2FB /* 3D动态壁纸.app */ = {isa = PBXFileReference; explicitFileType = wrapper.application; includeInIndex = 0; path = "3D动态壁纸.app"; sourceTree = BUILT_PRODUCTS_DIR; };
		660AF22224B73E760042C2FB /* AppDelegate.swift */ = {isa = PBXFileReference; lastKnownFileType = sourcecode.swift; path = AppDelegate.swift; sourceTree = "<group>"; };
		660AF22624B73E760042C2FB /* LPRootViewController.swift */ = {isa = PBXFileReference; lastKnownFileType = sourcecode.swift; path = LPRootViewController.swift; sourceTree = "<group>"; };
		660AF22924B73E760042C2FB /* Base */ = {isa = PBXFileReference; lastKnownFileType = file.storyboard; name = Base; path = Base.lproj/Main.storyboard; sourceTree = "<group>"; };
		660AF22B24B73E770042C2FB /* Assets.xcassets */ = {isa = PBXFileReference; lastKnownFileType = folder.assetcatalog; path = Assets.xcassets; sourceTree = "<group>"; };
		660AF22E24B73E770042C2FB /* Base */ = {isa = PBXFileReference; lastKnownFileType = file.storyboard; name = Base; path = Base.lproj/LaunchScreen.storyboard; sourceTree = "<group>"; };
		660AF23024B73E770042C2FB /* Info.plist */ = {isa = PBXFileReference; lastKnownFileType = text.plist.xml; path = Info.plist; sourceTree = "<group>"; };
		660AF23524B73E780042C2FB /* WallpaperTests.xctest */ = {isa = PBXFileReference; explicitFileType = wrapper.cfbundle; includeInIndex = 0; path = WallpaperTests.xctest; sourceTree = BUILT_PRODUCTS_DIR; };
		660AF23924B73E780042C2FB /* WallpaperTests.swift */ = {isa = PBXFileReference; lastKnownFileType = sourcecode.swift; path = WallpaperTests.swift; sourceTree = "<group>"; };
		660AF23B24B73E780042C2FB /* Info.plist */ = {isa = PBXFileReference; lastKnownFileType = text.plist.xml; path = Info.plist; sourceTree = "<group>"; };
		660AF24024B73E780042C2FB /* WallpaperUITests.xctest */ = {isa = PBXFileReference; explicitFileType = wrapper.cfbundle; includeInIndex = 0; path = WallpaperUITests.xctest; sourceTree = BUILT_PRODUCTS_DIR; };
		660AF24424B73E780042C2FB /* WallpaperUITests.swift */ = {isa = PBXFileReference; lastKnownFileType = sourcecode.swift; path = WallpaperUITests.swift; sourceTree = "<group>"; };
		660AF24624B73E780042C2FB /* Info.plist */ = {isa = PBXFileReference; lastKnownFileType = text.plist.xml; path = Info.plist; sourceTree = "<group>"; };
		660AF25224B73F5B0042C2FB /* LivePhotoHelper.swift */ = {isa = PBXFileReference; lastKnownFileType = sourcecode.swift; path = LivePhotoHelper.swift; sourceTree = "<group>"; };
		660AF25424B743600042C2FB /* LivePhotoDownloader.swift */ = {isa = PBXFileReference; lastKnownFileType = sourcecode.swift; path = LivePhotoDownloader.swift; sourceTree = "<group>"; };
		660AF26424B897480042C2FB /* LivePhotoUploader.swift */ = {isa = PBXFileReference; lastKnownFileType = sourcecode.swift; path = LivePhotoUploader.swift; sourceTree = "<group>"; };
		660AF26624B898280042C2FB /* Wallpaper-Bridging-Header.h */ = {isa = PBXFileReference; lastKnownFileType = sourcecode.c.h; path = "Wallpaper-Bridging-Header.h"; sourceTree = "<group>"; };
		660AF26E24B8A94B0042C2FB /* QiniuHelper.swift */ = {isa = PBXFileReference; lastKnownFileType = sourcecode.swift; path = QiniuHelper.swift; sourceTree = "<group>"; };
		660DD78F24C5471E00A26AD1 /* LPLivePhotoSourceManager.swift */ = {isa = PBXFileReference; lastKnownFileType = sourcecode.swift; path = LPLivePhotoSourceManager.swift; sourceTree = "<group>"; };
		660DD79124C59A5900A26AD1 /* LivePhotoCategoryViewController.swift */ = {isa = PBXFileReference; lastKnownFileType = sourcecode.swift; path = LivePhotoCategoryViewController.swift; sourceTree = "<group>"; };
		661A6A6024C59C570005E91F /* LivePhotoCategory.swift */ = {isa = PBXFileReference; lastKnownFileType = sourcecode.swift; path = LivePhotoCategory.swift; sourceTree = "<group>"; };
		664651D524C5A5A9001B9B2C /* LivePhotoNetworkHelper.swift */ = {isa = PBXFileReference; lastKnownFileType = sourcecode.swift; path = LivePhotoNetworkHelper.swift; sourceTree = "<group>"; };
		664651D724C5BB5E001B9B2C /* LivePhotoModel.swift */ = {isa = PBXFileReference; lastKnownFileType = sourcecode.swift; path = LivePhotoModel.swift; sourceTree = "<group>"; };
		664651DB24C6CD1D001B9B2C /* LivePhotoDetailViewController.swift */ = {isa = PBXFileReference; lastKnownFileType = sourcecode.swift; path = LivePhotoDetailViewController.swift; sourceTree = "<group>"; };
		664651DD24C81DF6001B9B2C /* LivePhotoDetailCollectionViewCell.swift */ = {isa = PBXFileReference; lastKnownFileType = sourcecode.swift; path = LivePhotoDetailCollectionViewCell.swift; sourceTree = "<group>"; };
		664651DE24C81DF6001B9B2C /* LivePhotoDetailCollectionViewCell.xib */ = {isa = PBXFileReference; lastKnownFileType = file.xib; path = LivePhotoDetailCollectionViewCell.xib; sourceTree = "<group>"; };
		664651E324C97701001B9B2C /* 200w_00016.png */ = {isa = PBXFileReference; lastKnownFileType = image.png; path = 200w_00016.png; sourceTree = "<group>"; };
		664651E424C97701001B9B2C /* 200w_00002.png */ = {isa = PBXFileReference; lastKnownFileType = image.png; path = 200w_00002.png; sourceTree = "<group>"; };
		664651E524C97701001B9B2C /* 200w_00003.png */ = {isa = PBXFileReference; lastKnownFileType = image.png; path = 200w_00003.png; sourceTree = "<group>"; };
		664651E624C97701001B9B2C /* 200w_00017.png */ = {isa = PBXFileReference; lastKnownFileType = image.png; path = 200w_00017.png; sourceTree = "<group>"; };
		664651E724C97701001B9B2C /* 200w_00001.png */ = {isa = PBXFileReference; lastKnownFileType = image.png; path = 200w_00001.png; sourceTree = "<group>"; };
		664651E824C97701001B9B2C /* 200w_00015.png */ = {isa = PBXFileReference; lastKnownFileType = image.png; path = 200w_00015.png; sourceTree = "<group>"; };
		664651E924C97701001B9B2C /* 200w_00029.png */ = {isa = PBXFileReference; lastKnownFileType = image.png; path = 200w_00029.png; sourceTree = "<group>"; };
		664651EA24C97701001B9B2C /* 200w_00028.png */ = {isa = PBXFileReference; lastKnownFileType = image.png; path = 200w_00028.png; sourceTree = "<group>"; };
		664651EB24C97701001B9B2C /* 200w_00014.png */ = {isa = PBXFileReference; lastKnownFileType = image.png; path = 200w_00014.png; sourceTree = "<group>"; };
		664651EC24C97701001B9B2C /* 200w_00000.png */ = {isa = PBXFileReference; lastKnownFileType = image.png; path = 200w_00000.png; sourceTree = "<group>"; };
		664651ED24C97701001B9B2C /* 200w_00004.png */ = {isa = PBXFileReference; lastKnownFileType = image.png; path = 200w_00004.png; sourceTree = "<group>"; };
		664651EE24C97701001B9B2C /* 200w_00010.png */ = {isa = PBXFileReference; lastKnownFileType = image.png; path = 200w_00010.png; sourceTree = "<group>"; };
		664651EF24C97701001B9B2C /* 200w_00011.png */ = {isa = PBXFileReference; lastKnownFileType = image.png; path = 200w_00011.png; sourceTree = "<group>"; };
		664651F024C97701001B9B2C /* 200w_00005.png */ = {isa = PBXFileReference; lastKnownFileType = image.png; path = 200w_00005.png; sourceTree = "<group>"; };
		664651F124C97701001B9B2C /* 200w_00013.png */ = {isa = PBXFileReference; lastKnownFileType = image.png; path = 200w_00013.png; sourceTree = "<group>"; };
		664651F224C97701001B9B2C /* 200w_00007.png */ = {isa = PBXFileReference; lastKnownFileType = image.png; path = 200w_00007.png; sourceTree = "<group>"; };
		664651F324C97701001B9B2C /* 200w_00006.png */ = {isa = PBXFileReference; lastKnownFileType = image.png; path = 200w_00006.png; sourceTree = "<group>"; };
		664651F424C97701001B9B2C /* 200w_00012.png */ = {isa = PBXFileReference; lastKnownFileType = image.png; path = 200w_00012.png; sourceTree = "<group>"; };
		664651F524C97701001B9B2C /* 200w_00023.png */ = {isa = PBXFileReference; lastKnownFileType = image.png; path = 200w_00023.png; sourceTree = "<group>"; };
		664651F624C97701001B9B2C /* 200w_00022.png */ = {isa = PBXFileReference; lastKnownFileType = image.png; path = 200w_00022.png; sourceTree = "<group>"; };
		664651F724C97701001B9B2C /* 200w_00020.png */ = {isa = PBXFileReference; lastKnownFileType = image.png; path = 200w_00020.png; sourceTree = "<group>"; };
		664651F824C97701001B9B2C /* 200w_00008.png */ = {isa = PBXFileReference; lastKnownFileType = image.png; path = 200w_00008.png; sourceTree = "<group>"; };
		664651F924C97701001B9B2C /* 200w_00009.png */ = {isa = PBXFileReference; lastKnownFileType = image.png; path = 200w_00009.png; sourceTree = "<group>"; };
		664651FA24C97701001B9B2C /* 200w_00021.png */ = {isa = PBXFileReference; lastKnownFileType = image.png; path = 200w_00021.png; sourceTree = "<group>"; };
		664651FB24C97701001B9B2C /* 200w_00019.png */ = {isa = PBXFileReference; lastKnownFileType = image.png; path = 200w_00019.png; sourceTree = "<group>"; };
		664651FC24C97701001B9B2C /* 200w_00025.png */ = {isa = PBXFileReference; lastKnownFileType = image.png; path = 200w_00025.png; sourceTree = "<group>"; };
		664651FD24C97701001B9B2C /* 200w_00024.png */ = {isa = PBXFileReference; lastKnownFileType = image.png; path = 200w_00024.png; sourceTree = "<group>"; };
		664651FE24C97701001B9B2C /* 200w_00018.png */ = {isa = PBXFileReference; lastKnownFileType = image.png; path = 200w_00018.png; sourceTree = "<group>"; };
		664651FF24C97701001B9B2C /* 200w_00026.png */ = {isa = PBXFileReference; lastKnownFileType = image.png; path = 200w_00026.png; sourceTree = "<group>"; };
		6646520024C97701001B9B2C /* 200w_00027.png */ = {isa = PBXFileReference; lastKnownFileType = image.png; path = 200w_00027.png; sourceTree = "<group>"; };
		6646522124C99809001B9B2C /* UIView+Toast.h */ = {isa = PBXFileReference; fileEncoding = 4; lastKnownFileType = sourcecode.c.h; path = "UIView+Toast.h"; sourceTree = "<group>"; };
		6646522224C99809001B9B2C /* UIView+Toast.m */ = {isa = PBXFileReference; fileEncoding = 4; lastKnownFileType = sourcecode.c.objc; path = "UIView+Toast.m"; sourceTree = "<group>"; };
		6646522C24CA956D001B9B2C /* JPEG.swift */ = {isa = PBXFileReference; fileEncoding = 4; lastKnownFileType = sourcecode.swift; path = JPEG.swift; sourceTree = "<group>"; };
		6646522D24CA956D001B9B2C /* QuickTimeMov.swift */ = {isa = PBXFileReference; fileEncoding = 4; lastKnownFileType = sourcecode.swift; path = QuickTimeMov.swift; sourceTree = "<group>"; };
		6646523124CAB054001B9B2C /* LPMenuViewController.swift */ = {isa = PBXFileReference; lastKnownFileType = sourcecode.swift; path = LPMenuViewController.swift; sourceTree = "<group>"; };
		6646523424CAB43D001B9B2C /* TwicketSegmentedControl.swift */ = {isa = PBXFileReference; fileEncoding = 4; lastKnownFileType = sourcecode.swift; path = TwicketSegmentedControl.swift; sourceTree = "<group>"; };
		6646523524CAB43D001B9B2C /* Palette.swift */ = {isa = PBXFileReference; fileEncoding = 4; lastKnownFileType = sourcecode.swift; path = Palette.swift; sourceTree = "<group>"; };
		6646523624CAB43D001B9B2C /* UIViewShadowExtension.swift */ = {isa = PBXFileReference; fileEncoding = 4; lastKnownFileType = sourcecode.swift; path = UIViewShadowExtension.swift; sourceTree = "<group>"; };
		6646523A24CABF82001B9B2C /* LPSegmentView.swift */ = {isa = PBXFileReference; lastKnownFileType = sourcecode.swift; path = LPSegmentView.swift; sourceTree = "<group>"; };
		6646523D24CAC279001B9B2C /* LPColor.swift */ = {isa = PBXFileReference; lastKnownFileType = sourcecode.swift; path = LPColor.swift; sourceTree = "<group>"; };
		6646524024CAD098001B9B2C /* LPSettingViewController.swift */ = {isa = PBXFileReference; lastKnownFileType = sourcecode.swift; path = LPSettingViewController.swift; sourceTree = "<group>"; };
		6646524224CAD5BB001B9B2C /* zh-Hans */ = {isa = PBXFileReference; lastKnownFileType = text.plist.strings; name = "zh-Hans"; path = "zh-Hans.lproj/Main.strings"; sourceTree = "<group>"; };
		6646524324CAD5BB001B9B2C /* zh-Hans */ = {isa = PBXFileReference; lastKnownFileType = text.plist.strings; name = "zh-Hans"; path = "zh-Hans.lproj/LaunchScreen.strings"; sourceTree = "<group>"; };
		6646524524CAD733001B9B2C /* AdManager.swift */ = {isa = PBXFileReference; lastKnownFileType = sourcecode.swift; path = AdManager.swift; sourceTree = "<group>"; };
		66515E4124C024DC0075095C /* LPPurchaseManager.swift */ = {isa = PBXFileReference; lastKnownFileType = sourcecode.swift; path = LPPurchaseManager.swift; sourceTree = "<group>"; };
		6675D4BD24CECB0C007DC3A7 /* LivePhotoAlubmCollectionViewCell.swift */ = {isa = PBXFileReference; lastKnownFileType = sourcecode.swift; path = LivePhotoAlubmCollectionViewCell.swift; sourceTree = "<group>"; };
		6675D4BE24CECB0C007DC3A7 /* LivePhotoAlubmCollectionViewCell.xib */ = {isa = PBXFileReference; lastKnownFileType = file.xib; path = LivePhotoAlubmCollectionViewCell.xib; sourceTree = "<group>"; };
		6675D4C224CED8E4007DC3A7 /* LPUpgradeBannerView.swift */ = {isa = PBXFileReference; lastKnownFileType = sourcecode.swift; path = LPUpgradeBannerView.swift; sourceTree = "<group>"; };
		667716A024D02472005CD7EF /* LPAdvanceViewController.swift */ = {isa = PBXFileReference; lastKnownFileType = sourcecode.swift; path = LPAdvanceViewController.swift; sourceTree = "<group>"; };
		667716A124D02472005CD7EF /* LPAdvanceViewController.xib */ = {isa = PBXFileReference; lastKnownFileType = file.xib; path = LPAdvanceViewController.xib; sourceTree = "<group>"; };
		667716A424D12765005CD7EF /* LPProductTableViewCell.swift */ = {isa = PBXFileReference; lastKnownFileType = sourcecode.swift; path = LPProductTableViewCell.swift; sourceTree = "<group>"; };
		667716A524D12765005CD7EF /* LPProductTableViewCell.xib */ = {isa = PBXFileReference; lastKnownFileType = file.xib; path = LPProductTableViewCell.xib; sourceTree = "<group>"; };
		667716AA24D455FE005CD7EF /* LivePhotoCategoryTableViewCell.swift */ = {isa = PBXFileReference; lastKnownFileType = sourcecode.swift; path = LivePhotoCategoryTableViewCell.swift; sourceTree = "<group>"; };
		667716AB24D455FE005CD7EF /* LivePhotoCategoryTableViewCell.xib */ = {isa = PBXFileReference; lastKnownFileType = file.xib; path = LivePhotoCategoryTableViewCell.xib; sourceTree = "<group>"; };
		667716AE24D4F7E0005CD7EF /* LPConstants.swift */ = {isa = PBXFileReference; lastKnownFileType = sourcecode.swift; path = LPConstants.swift; sourceTree = "<group>"; };
		66A749BC24D0137A0034C916 /* LPUpgradeViewController.xib */ = {isa = PBXFileReference; fileEncoding = 4; lastKnownFileType = file.xib; path = LPUpgradeViewController.xib; sourceTree = "<group>"; };
		66A749BD24D0137A0034C916 /* LPUpgradeViewController.swift */ = {isa = PBXFileReference; fileEncoding = 4; lastKnownFileType = sourcecode.swift; path = LPUpgradeViewController.swift; sourceTree = "<group>"; };
		66F3C84724CEDED2009DE086 /* LPAccount.swift */ = {isa = PBXFileReference; lastKnownFileType = sourcecode.swift; path = LPAccount.swift; sourceTree = "<group>"; };
		B404D6B80DB9C3AF34207F6D /* Pods-Wallpaper.debug.xcconfig */ = {isa = PBXFileReference; includeInIndex = 1; lastKnownFileType = text.xcconfig; name = "Pods-Wallpaper.debug.xcconfig"; path = "Target Support Files/Pods-Wallpaper/Pods-Wallpaper.debug.xcconfig"; sourceTree = "<group>"; };
		EADB868DCF283667142BE229 /* libPods-Wallpaper.a */ = {isa = PBXFileReference; explicitFileType = archive.ar; includeInIndex = 0; path = "libPods-Wallpaper.a"; sourceTree = BUILT_PRODUCTS_DIR; };
/* End PBXFileReference section */

/* Begin PBXFrameworksBuildPhase section */
		660AF21C24B73E760042C2FB /* Frameworks */ = {
			isa = PBXFrameworksBuildPhase;
			buildActionMask = 2147483647;
			files = (
				CE9D1A95F96E447E7AA7553A /* libPods-Wallpaper.a in Frameworks */,
			);
			runOnlyForDeploymentPostprocessing = 0;
		};
		660AF23224B73E780042C2FB /* Frameworks */ = {
			isa = PBXFrameworksBuildPhase;
			buildActionMask = 2147483647;
			files = (
			);
			runOnlyForDeploymentPostprocessing = 0;
		};
		660AF23D24B73E780042C2FB /* Frameworks */ = {
			isa = PBXFrameworksBuildPhase;
			buildActionMask = 2147483647;
			files = (
			);
			runOnlyForDeploymentPostprocessing = 0;
		};
/* End PBXFrameworksBuildPhase section */

/* Begin PBXGroup section */
		6603E527250E55DE00864C37 /* Gallery */ = {
			isa = PBXGroup;
			children = (
				6603E528250E561A00864C37 /* LivePhotoGalleryViewController.swift */,
				6603E529250E561A00864C37 /* LivePhotoGalleryViewController.xib */,
				6603E52C250EF46700864C37 /* LivePhotoGalleryCollectionViewCell.swift */,
				6603E52D250EF46700864C37 /* LivePhotoGalleryCollectionViewCell.xib */,
			);
			path = Gallery;
			sourceTree = "<group>";
		};
		6603E53025165F6800864C37 /* Privacy */ = {
			isa = PBXGroup;
			children = (
				6603E53125165FAC00864C37 /* LivePhotoPrivacyContentViewController.swift */,
			);
			path = Privacy;
			sourceTree = "<group>";
		};
		660AF21624B73E760042C2FB = {
			isa = PBXGroup;
			children = (
				660AF22124B73E760042C2FB /* Wallpaper */,
				660AF23824B73E780042C2FB /* WallpaperTests */,
				660AF24324B73E780042C2FB /* WallpaperUITests */,
				660AF22024B73E760042C2FB /* Products */,
				A892ED4BB1FF84098DDFBA97 /* Pods */,
				EB141A51D25D902E94B3FA30 /* Frameworks */,
			);
			sourceTree = "<group>";
		};
		660AF22024B73E760042C2FB /* Products */ = {
			isa = PBXGroup;
			children = (
				660AF21F24B73E760042C2FB /* 3D动态壁纸.app */,
				660AF23524B73E780042C2FB /* WallpaperTests.xctest */,
				660AF24024B73E780042C2FB /* WallpaperUITests.xctest */,
			);
			name = Products;
			sourceTree = "<group>";
		};
		660AF22124B73E760042C2FB /* Wallpaper */ = {
			isa = PBXGroup;
			children = (
				6603E53025165F6800864C37 /* Privacy */,
				6603E527250E55DE00864C37 /* Gallery */,
				66F3C84624CEDEC2009DE086 /* User */,
				6646524424CAD71F001B9B2C /* AD */,
				6646523F24CAD080001B9B2C /* Setting */,
				6646523C24CAC25B001B9B2C /* Extension */,
				6646521F24C997F7001B9B2C /* Libs */,
				664651DA24C6CCF2001B9B2C /* LivePhotoDetail */,
				664651D924C6B886001B9B2C /* Menu */,
				660AF25824B748A50042C2FB /* Resources */,
				660AF22624B73E760042C2FB /* LPRootViewController.swift */,
				661A6A6224C59D9C0005E91F /* LivePhotoManager */,
				660DD79324C59A5D00A26AD1 /* Cagegory */,
				661A6A6324C59DBF0005E91F /* Downloader */,
				66515E4024C024B00075095C /* Upgrade */,
				660AF22224B73E760042C2FB /* AppDelegate.swift */,
				667716AE24D4F7E0005CD7EF /* LPConstants.swift */,
				660AF22824B73E760042C2FB /* Main.storyboard */,
				660AF22D24B73E770042C2FB /* LaunchScreen.storyboard */,
				660AF23024B73E770042C2FB /* Info.plist */,
				660AF22B24B73E770042C2FB /* Assets.xcassets */,
				660AF26624B898280042C2FB /* Wallpaper-Bridging-Header.h */,
			);
			path = Wallpaper;
			sourceTree = "<group>";
		};
		660AF23824B73E780042C2FB /* WallpaperTests */ = {
			isa = PBXGroup;
			children = (
				660AF23924B73E780042C2FB /* WallpaperTests.swift */,
				660AF23B24B73E780042C2FB /* Info.plist */,
			);
			path = WallpaperTests;
			sourceTree = "<group>";
		};
		660AF24324B73E780042C2FB /* WallpaperUITests */ = {
			isa = PBXGroup;
			children = (
				660AF24424B73E780042C2FB /* WallpaperUITests.swift */,
				660AF24624B73E780042C2FB /* Info.plist */,
			);
			path = WallpaperUITests;
			sourceTree = "<group>";
		};
		660AF25824B748A50042C2FB /* Resources */ = {
			isa = PBXGroup;
			children = (
				664651E224C97701001B9B2C /* loading */,
				660AF25924B748C50042C2FB /* LivePhotos */,
			);
			path = Resources;
			sourceTree = "<group>";
		};
		660AF25924B748C50042C2FB /* LivePhotos */ = {
			isa = PBXGroup;
			children = (
			);
			path = LivePhotos;
			sourceTree = "<group>";
		};
		660DD79324C59A5D00A26AD1 /* Cagegory */ = {
			isa = PBXGroup;
			children = (
				660DD79124C59A5900A26AD1 /* LivePhotoCategoryViewController.swift */,
				6603E523250E507700864C37 /* LivePhotoCategoryCollectionViewCell.swift */,
				6603E524250E507700864C37 /* LivePhotoCategoryCollectionViewCell.xib */,
				667716AA24D455FE005CD7EF /* LivePhotoCategoryTableViewCell.swift */,
				667716AB24D455FE005CD7EF /* LivePhotoCategoryTableViewCell.xib */,
				661A6A6024C59C570005E91F /* LivePhotoCategory.swift */,
				664651D724C5BB5E001B9B2C /* LivePhotoModel.swift */,
			);
			path = Cagegory;
			sourceTree = "<group>";
		};
		661A6A6224C59D9C0005E91F /* LivePhotoManager */ = {
			isa = PBXGroup;
			children = (
				6646523024CA9573001B9B2C /* Metadata */,
				660AF25224B73F5B0042C2FB /* LivePhotoHelper.swift */,
				660DD78F24C5471E00A26AD1 /* LPLivePhotoSourceManager.swift */,
				664651D524C5A5A9001B9B2C /* LivePhotoNetworkHelper.swift */,
			);
			path = LivePhotoManager;
			sourceTree = "<group>";
		};
		661A6A6324C59DBF0005E91F /* Downloader */ = {
			isa = PBXGroup;
			children = (
				660AF25424B743600042C2FB /* LivePhotoDownloader.swift */,
				660AF26424B897480042C2FB /* LivePhotoUploader.swift */,
				660AF26E24B8A94B0042C2FB /* QiniuHelper.swift */,
			);
			path = Downloader;
			sourceTree = "<group>";
		};
		664651D924C6B886001B9B2C /* Menu */ = {
			isa = PBXGroup;
			children = (
				6646523124CAB054001B9B2C /* LPMenuViewController.swift */,
				6646523A24CABF82001B9B2C /* LPSegmentView.swift */,
			);
			path = Menu;
			sourceTree = "<group>";
		};
		664651DA24C6CCF2001B9B2C /* LivePhotoDetail */ = {
			isa = PBXGroup;
			children = (
				664651DB24C6CD1D001B9B2C /* LivePhotoDetailViewController.swift */,
				6675D4BD24CECB0C007DC3A7 /* LivePhotoAlubmCollectionViewCell.swift */,
				6675D4BE24CECB0C007DC3A7 /* LivePhotoAlubmCollectionViewCell.xib */,
				664651DD24C81DF6001B9B2C /* LivePhotoDetailCollectionViewCell.swift */,
				664651DE24C81DF6001B9B2C /* LivePhotoDetailCollectionViewCell.xib */,
			);
			path = LivePhotoDetail;
			sourceTree = "<group>";
		};
		664651E224C97701001B9B2C /* loading */ = {
			isa = PBXGroup;
			children = (
				664651E324C97701001B9B2C /* 200w_00016.png */,
				664651E424C97701001B9B2C /* 200w_00002.png */,
				664651E524C97701001B9B2C /* 200w_00003.png */,
				664651E624C97701001B9B2C /* 200w_00017.png */,
				664651E724C97701001B9B2C /* 200w_00001.png */,
				664651E824C97701001B9B2C /* 200w_00015.png */,
				664651E924C97701001B9B2C /* 200w_00029.png */,
				664651EA24C97701001B9B2C /* 200w_00028.png */,
				664651EB24C97701001B9B2C /* 200w_00014.png */,
				664651EC24C97701001B9B2C /* 200w_00000.png */,
				664651ED24C97701001B9B2C /* 200w_00004.png */,
				664651EE24C97701001B9B2C /* 200w_00010.png */,
				664651EF24C97701001B9B2C /* 200w_00011.png */,
				664651F024C97701001B9B2C /* 200w_00005.png */,
				664651F124C97701001B9B2C /* 200w_00013.png */,
				664651F224C97701001B9B2C /* 200w_00007.png */,
				664651F324C97701001B9B2C /* 200w_00006.png */,
				664651F424C97701001B9B2C /* 200w_00012.png */,
				664651F524C97701001B9B2C /* 200w_00023.png */,
				664651F624C97701001B9B2C /* 200w_00022.png */,
				664651F724C97701001B9B2C /* 200w_00020.png */,
				664651F824C97701001B9B2C /* 200w_00008.png */,
				664651F924C97701001B9B2C /* 200w_00009.png */,
				664651FA24C97701001B9B2C /* 200w_00021.png */,
				664651FB24C97701001B9B2C /* 200w_00019.png */,
				664651FC24C97701001B9B2C /* 200w_00025.png */,
				664651FD24C97701001B9B2C /* 200w_00024.png */,
				664651FE24C97701001B9B2C /* 200w_00018.png */,
				664651FF24C97701001B9B2C /* 200w_00026.png */,
				6646520024C97701001B9B2C /* 200w_00027.png */,
			);
			path = loading;
			sourceTree = "<group>";
		};
		6646521F24C997F7001B9B2C /* Libs */ = {
			isa = PBXGroup;
			children = (
				6646523324CAB43D001B9B2C /* TwicketSegmentedControl */,
				6646522024C99809001B9B2C /* Toast */,
			);
			path = Libs;
			sourceTree = "<group>";
		};
		6646522024C99809001B9B2C /* Toast */ = {
			isa = PBXGroup;
			children = (
				6646522124C99809001B9B2C /* UIView+Toast.h */,
				6646522224C99809001B9B2C /* UIView+Toast.m */,
			);
			path = Toast;
			sourceTree = "<group>";
		};
		6646523024CA9573001B9B2C /* Metadata */ = {
			isa = PBXGroup;
			children = (
				6646522C24CA956D001B9B2C /* JPEG.swift */,
				6646522D24CA956D001B9B2C /* QuickTimeMov.swift */,
			);
			path = Metadata;
			sourceTree = "<group>";
		};
		6646523324CAB43D001B9B2C /* TwicketSegmentedControl */ = {
			isa = PBXGroup;
			children = (
				6646523424CAB43D001B9B2C /* TwicketSegmentedControl.swift */,
				6646523524CAB43D001B9B2C /* Palette.swift */,
				6646523624CAB43D001B9B2C /* UIViewShadowExtension.swift */,
			);
			path = TwicketSegmentedControl;
			sourceTree = "<group>";
		};
		6646523C24CAC25B001B9B2C /* Extension */ = {
			isa = PBXGroup;
			children = (
				6646523D24CAC279001B9B2C /* LPColor.swift */,
			);
			path = Extension;
			sourceTree = "<group>";
		};
		6646523F24CAD080001B9B2C /* Setting */ = {
			isa = PBXGroup;
			children = (
				6646524024CAD098001B9B2C /* LPSettingViewController.swift */,
			);
			path = Setting;
			sourceTree = "<group>";
		};
		6646524424CAD71F001B9B2C /* AD */ = {
			isa = PBXGroup;
			children = (
				6646524524CAD733001B9B2C /* AdManager.swift */,
			);
			path = AD;
			sourceTree = "<group>";
		};
		66515E4024C024B00075095C /* Upgrade */ = {
			isa = PBXGroup;
			children = (
				6675D4C124CED8BD007DC3A7 /* Views */,
				66515E4124C024DC0075095C /* LPPurchaseManager.swift */,
				66A749BD24D0137A0034C916 /* LPUpgradeViewController.swift */,
				66A749BC24D0137A0034C916 /* LPUpgradeViewController.xib */,
				667716A024D02472005CD7EF /* LPAdvanceViewController.swift */,
				667716A124D02472005CD7EF /* LPAdvanceViewController.xib */,
			);
			path = Upgrade;
			sourceTree = "<group>";
		};
		6675D4C124CED8BD007DC3A7 /* Views */ = {
			isa = PBXGroup;
			children = (
				6675D4C224CED8E4007DC3A7 /* LPUpgradeBannerView.swift */,
				667716A424D12765005CD7EF /* LPProductTableViewCell.swift */,
				667716A524D12765005CD7EF /* LPProductTableViewCell.xib */,
			);
			path = Views;
			sourceTree = "<group>";
		};
		66F3C84624CEDEC2009DE086 /* User */ = {
			isa = PBXGroup;
			children = (
				66F3C84724CEDED2009DE086 /* LPAccount.swift */,
			);
			path = User;
			sourceTree = "<group>";
		};
		A892ED4BB1FF84098DDFBA97 /* Pods */ = {
			isa = PBXGroup;
			children = (
				B404D6B80DB9C3AF34207F6D /* Pods-Wallpaper.debug.xcconfig */,
				20D86C73562B8CE670E00EAC /* Pods-Wallpaper.release.xcconfig */,
			);
			path = Pods;
			sourceTree = "<group>";
		};
		EB141A51D25D902E94B3FA30 /* Frameworks */ = {
			isa = PBXGroup;
			children = (
				EADB868DCF283667142BE229 /* libPods-Wallpaper.a */,
			);
			name = Frameworks;
			sourceTree = "<group>";
		};
/* End PBXGroup section */

/* Begin PBXNativeTarget section */
		660AF21E24B73E760042C2FB /* Wallpaper */ = {
			isa = PBXNativeTarget;
			buildConfigurationList = 660AF24924B73E780042C2FB /* Build configuration list for PBXNativeTarget "Wallpaper" */;
			buildPhases = (
				E2B3CD7E92D18559E1B81E20 /* [CP] Check Pods Manifest.lock */,
				660AF21B24B73E760042C2FB /* Sources */,
				660AF21C24B73E760042C2FB /* Frameworks */,
				660AF21D24B73E760042C2FB /* Resources */,
				3D16916C611EB81D1875085A /* [CP] Copy Pods Resources */,
			);
			buildRules = (
			);
			dependencies = (
			);
			name = Wallpaper;
			productName = Wallpaper;
			productReference = 660AF21F24B73E760042C2FB /* 3D动态壁纸.app */;
			productType = "com.apple.product-type.application";
		};
		660AF23424B73E780042C2FB /* WallpaperTests */ = {
			isa = PBXNativeTarget;
			buildConfigurationList = 660AF24C24B73E780042C2FB /* Build configuration list for PBXNativeTarget "WallpaperTests" */;
			buildPhases = (
				660AF23124B73E780042C2FB /* Sources */,
				660AF23224B73E780042C2FB /* Frameworks */,
				660AF23324B73E780042C2FB /* Resources */,
			);
			buildRules = (
			);
			dependencies = (
				660AF23724B73E780042C2FB /* PBXTargetDependency */,
			);
			name = WallpaperTests;
			productName = WallpaperTests;
			productReference = 660AF23524B73E780042C2FB /* WallpaperTests.xctest */;
			productType = "com.apple.product-type.bundle.unit-test";
		};
		660AF23F24B73E780042C2FB /* WallpaperUITests */ = {
			isa = PBXNativeTarget;
			buildConfigurationList = 660AF24F24B73E780042C2FB /* Build configuration list for PBXNativeTarget "WallpaperUITests" */;
			buildPhases = (
				660AF23C24B73E780042C2FB /* Sources */,
				660AF23D24B73E780042C2FB /* Frameworks */,
				660AF23E24B73E780042C2FB /* Resources */,
			);
			buildRules = (
			);
			dependencies = (
				660AF24224B73E780042C2FB /* PBXTargetDependency */,
			);
			name = WallpaperUITests;
			productName = WallpaperUITests;
			productReference = 660AF24024B73E780042C2FB /* WallpaperUITests.xctest */;
			productType = "com.apple.product-type.bundle.ui-testing";
		};
/* End PBXNativeTarget section */

/* Begin PBXProject section */
		660AF21724B73E760042C2FB /* Project object */ = {
			isa = PBXProject;
			attributes = {
				LastSwiftUpdateCheck = 1140;
				LastUpgradeCheck = 1140;
				ORGANIZATIONNAME = langren;
				TargetAttributes = {
					660AF21E24B73E760042C2FB = {
						CreatedOnToolsVersion = 11.4;
						LastSwiftMigration = 1140;
					};
					660AF23424B73E780042C2FB = {
						CreatedOnToolsVersion = 11.4;
						TestTargetID = 660AF21E24B73E760042C2FB;
					};
					660AF23F24B73E780042C2FB = {
						CreatedOnToolsVersion = 11.4;
						TestTargetID = 660AF21E24B73E760042C2FB;
					};
				};
			};
			buildConfigurationList = 660AF21A24B73E760042C2FB /* Build configuration list for PBXProject "Wallpaper" */;
			compatibilityVersion = "Xcode 9.3";
			developmentRegion = en;
			hasScannedForEncodings = 0;
			knownRegions = (
				en,
				Base,
				"zh-Hans",
			);
			mainGroup = 660AF21624B73E760042C2FB;
			productRefGroup = 660AF22024B73E760042C2FB /* Products */;
			projectDirPath = "";
			projectRoot = "";
			targets = (
				660AF21E24B73E760042C2FB /* Wallpaper */,
				660AF23424B73E780042C2FB /* WallpaperTests */,
				660AF23F24B73E780042C2FB /* WallpaperUITests */,
			);
		};
/* End PBXProject section */

/* Begin PBXResourcesBuildPhase section */
		660AF21D24B73E760042C2FB /* Resources */ = {
			isa = PBXResourcesBuildPhase;
			buildActionMask = 2147483647;
			files = (
				6646520C24C97701001B9B2C /* 200w_00010.png in Resources */,
				6603E52B250E561A00864C37 /* LivePhotoGalleryViewController.xib in Resources */,
				6603E52F250EF46700864C37 /* LivePhotoGalleryCollectionViewCell.xib in Resources */,
				6646520424C97701001B9B2C /* 200w_00017.png in Resources */,
				6646521E24C97701001B9B2C /* 200w_00027.png in Resources */,
				6646521024C97701001B9B2C /* 200w_00007.png in Resources */,
				660AF22F24B73E770042C2FB /* LaunchScreen.storyboard in Resources */,
				6646520D24C97701001B9B2C /* 200w_00011.png in Resources */,
				6646521C24C97701001B9B2C /* 200w_00018.png in Resources */,
				6675D4C024CECB0C007DC3A7 /* LivePhotoAlubmCollectionViewCell.xib in Resources */,
				6646521A24C97701001B9B2C /* 200w_00025.png in Resources */,
				6646521924C97701001B9B2C /* 200w_00019.png in Resources */,
				660AF22C24B73E770042C2FB /* Assets.xcassets in Resources */,
				6646520124C97701001B9B2C /* 200w_00016.png in Resources */,
				6646520324C97701001B9B2C /* 200w_00003.png in Resources */,
				667716AD24D455FE005CD7EF /* LivePhotoCategoryTableViewCell.xib in Resources */,
				6646520724C97701001B9B2C /* 200w_00029.png in Resources */,
				664651E024C81DF6001B9B2C /* LivePhotoDetailCollectionViewCell.xib in Resources */,
				6646520924C97701001B9B2C /* 200w_00014.png in Resources */,
				667716A324D02472005CD7EF /* LPAdvanceViewController.xib in Resources */,
				6646521224C97701001B9B2C /* 200w_00012.png in Resources */,
				660AF22A24B73E760042C2FB /* Main.storyboard in Resources */,
				6646521124C97701001B9B2C /* 200w_00006.png in Resources */,
				6646520524C97701001B9B2C /* 200w_00001.png in Resources */,
				66A749BE24D0137A0034C916 /* LPUpgradeViewController.xib in Resources */,
				6646521724C97701001B9B2C /* 200w_00009.png in Resources */,
				6646521424C97701001B9B2C /* 200w_00022.png in Resources */,
				6646520E24C97701001B9B2C /* 200w_00005.png in Resources */,
				6646521D24C97701001B9B2C /* 200w_00026.png in Resources */,
				667716A724D12765005CD7EF /* LPProductTableViewCell.xib in Resources */,
				6646521324C97701001B9B2C /* 200w_00023.png in Resources */,
				6646520624C97701001B9B2C /* 200w_00015.png in Resources */,
				6646520824C97701001B9B2C /* 200w_00028.png in Resources */,
				6646521624C97701001B9B2C /* 200w_00008.png in Resources */,
				6646520F24C97701001B9B2C /* 200w_00013.png in Resources */,
				6646521524C97701001B9B2C /* 200w_00020.png in Resources */,
				6646521824C97701001B9B2C /* 200w_00021.png in Resources */,
				6646520A24C97701001B9B2C /* 200w_00000.png in Resources */,
				6646520B24C97701001B9B2C /* 200w_00004.png in Resources */,
				6646520224C97701001B9B2C /* 200w_00002.png in Resources */,
				6646521B24C97701001B9B2C /* 200w_00024.png in Resources */,
				6603E526250E507700864C37 /* LivePhotoCategoryCollectionViewCell.xib in Resources */,
			);
			runOnlyForDeploymentPostprocessing = 0;
		};
		660AF23324B73E780042C2FB /* Resources */ = {
			isa = PBXResourcesBuildPhase;
			buildActionMask = 2147483647;
			files = (
			);
			runOnlyForDeploymentPostprocessing = 0;
		};
		660AF23E24B73E780042C2FB /* Resources */ = {
			isa = PBXResourcesBuildPhase;
			buildActionMask = 2147483647;
			files = (
			);
			runOnlyForDeploymentPostprocessing = 0;
		};
/* End PBXResourcesBuildPhase section */

/* Begin PBXShellScriptBuildPhase section */
		3D16916C611EB81D1875085A /* [CP] Copy Pods Resources */ = {
			isa = PBXShellScriptBuildPhase;
			buildActionMask = 2147483647;
			files = (
			);
			inputFileListPaths = (
				"${PODS_ROOT}/Target Support Files/Pods-Wallpaper/Pods-Wallpaper-resources-${CONFIGURATION}-input-files.xcfilelist",
			);
			name = "[CP] Copy Pods Resources";
			outputFileListPaths = (
				"${PODS_ROOT}/Target Support Files/Pods-Wallpaper/Pods-Wallpaper-resources-${CONFIGURATION}-output-files.xcfilelist",
			);
			runOnlyForDeploymentPostprocessing = 0;
			shellPath = /bin/sh;
			shellScript = "\"${PODS_ROOT}/Target Support Files/Pods-Wallpaper/Pods-Wallpaper-resources.sh\"\n";
			showEnvVarsInLog = 0;
		};
		E2B3CD7E92D18559E1B81E20 /* [CP] Check Pods Manifest.lock */ = {
			isa = PBXShellScriptBuildPhase;
			buildActionMask = 2147483647;
			files = (
			);
			inputFileListPaths = (
			);
			inputPaths = (
				"${PODS_PODFILE_DIR_PATH}/Podfile.lock",
				"${PODS_ROOT}/Manifest.lock",
			);
			name = "[CP] Check Pods Manifest.lock";
			outputFileListPaths = (
			);
			outputPaths = (
				"$(DERIVED_FILE_DIR)/Pods-Wallpaper-checkManifestLockResult.txt",
			);
			runOnlyForDeploymentPostprocessing = 0;
			shellPath = /bin/sh;
			shellScript = "diff \"${PODS_PODFILE_DIR_PATH}/Podfile.lock\" \"${PODS_ROOT}/Manifest.lock\" > /dev/null\nif [ $? != 0 ] ; then\n    # print error to STDERR\n    echo \"error: The sandbox is not in sync with the Podfile.lock. Run 'pod install' or update your CocoaPods installation.\" >&2\n    exit 1\nfi\n# This output is used by Xcode 'outputs' to avoid re-running this script phase.\necho \"SUCCESS\" > \"${SCRIPT_OUTPUT_FILE_0}\"\n";
			showEnvVarsInLog = 0;
		};
/* End PBXShellScriptBuildPhase section */

/* Begin PBXSourcesBuildPhase section */
		660AF21B24B73E760042C2FB /* Sources */ = {
			isa = PBXSourcesBuildPhase;
			buildActionMask = 2147483647;
			files = (
				661A6A6124C59C570005E91F /* LivePhotoCategory.swift in Sources */,
				660AF26524B897480042C2FB /* LivePhotoUploader.swift in Sources */,
				660DD79024C5471E00A26AD1 /* LPLivePhotoSourceManager.swift in Sources */,
				664651D824C5BB5E001B9B2C /* LivePhotoModel.swift in Sources */,
				6646523724CAB43D001B9B2C /* TwicketSegmentedControl.swift in Sources */,
				664651DF24C81DF6001B9B2C /* LivePhotoDetailCollectionViewCell.swift in Sources */,
				6646524624CAD733001B9B2C /* AdManager.swift in Sources */,
				6603E525250E507700864C37 /* LivePhotoCategoryCollectionViewCell.swift in Sources */,
				6646523824CAB43D001B9B2C /* Palette.swift in Sources */,
				667716AF24D4F7E0005CD7EF /* LPConstants.swift in Sources */,
				6646522F24CA956E001B9B2C /* QuickTimeMov.swift in Sources */,
				6603E52A250E561A00864C37 /* LivePhotoGalleryViewController.swift in Sources */,
				664651DC24C6CD1D001B9B2C /* LivePhotoDetailViewController.swift in Sources */,
				6675D4BF24CECB0C007DC3A7 /* LivePhotoAlubmCollectionViewCell.swift in Sources */,
				6646523B24CABF82001B9B2C /* LPSegmentView.swift in Sources */,
				6646523224CAB054001B9B2C /* LPMenuViewController.swift in Sources */,
				664651D624C5A5A9001B9B2C /* LivePhotoNetworkHelper.swift in Sources */,
				660AF22724B73E760042C2FB /* LPRootViewController.swift in Sources */,
				6646522324C99809001B9B2C /* UIView+Toast.m in Sources */,
				6646522E24CA956E001B9B2C /* JPEG.swift in Sources */,
				6646523924CAB43D001B9B2C /* UIViewShadowExtension.swift in Sources */,
				667716A224D02472005CD7EF /* LPAdvanceViewController.swift in Sources */,
				660DD79224C59A5900A26AD1 /* LivePhotoCategoryViewController.swift in Sources */,
				660AF26F24B8A94B0042C2FB /* QiniuHelper.swift in Sources */,
				6675D4C324CED8E4007DC3A7 /* LPUpgradeBannerView.swift in Sources */,
				6603E53225165FAC00864C37 /* LivePhotoPrivacyContentViewController.swift in Sources */,
				66F3C84824CEDED2009DE086 /* LPAccount.swift in Sources */,
				667716A624D12765005CD7EF /* LPProductTableViewCell.swift in Sources */,
				660AF25324B73F5B0042C2FB /* LivePhotoHelper.swift in Sources */,
				6603E52E250EF46700864C37 /* LivePhotoGalleryCollectionViewCell.swift in Sources */,
				66A749BF24D0137A0034C916 /* LPUpgradeViewController.swift in Sources */,
				667716AC24D455FE005CD7EF /* LivePhotoCategoryTableViewCell.swift in Sources */,
				6646523E24CAC279001B9B2C /* LPColor.swift in Sources */,
				66515E4224C024DC0075095C /* LPPurchaseManager.swift in Sources */,
				6646524124CAD098001B9B2C /* LPSettingViewController.swift in Sources */,
				660AF22324B73E760042C2FB /* AppDelegate.swift in Sources */,
				660AF25524B743600042C2FB /* LivePhotoDownloader.swift in Sources */,
			);
			runOnlyForDeploymentPostprocessing = 0;
		};
		660AF23124B73E780042C2FB /* Sources */ = {
			isa = PBXSourcesBuildPhase;
			buildActionMask = 2147483647;
			files = (
				660AF23A24B73E780042C2FB /* WallpaperTests.swift in Sources */,
			);
			runOnlyForDeploymentPostprocessing = 0;
		};
		660AF23C24B73E780042C2FB /* Sources */ = {
			isa = PBXSourcesBuildPhase;
			buildActionMask = 2147483647;
			files = (
				660AF24524B73E780042C2FB /* WallpaperUITests.swift in Sources */,
			);
			runOnlyForDeploymentPostprocessing = 0;
		};
/* End PBXSourcesBuildPhase section */

/* Begin PBXTargetDependency section */
		660AF23724B73E780042C2FB /* PBXTargetDependency */ = {
			isa = PBXTargetDependency;
			target = 660AF21E24B73E760042C2FB /* Wallpaper */;
			targetProxy = 660AF23624B73E780042C2FB /* PBXContainerItemProxy */;
		};
		660AF24224B73E780042C2FB /* PBXTargetDependency */ = {
			isa = PBXTargetDependency;
			target = 660AF21E24B73E760042C2FB /* Wallpaper */;
			targetProxy = 660AF24124B73E780042C2FB /* PBXContainerItemProxy */;
		};
/* End PBXTargetDependency section */

/* Begin PBXVariantGroup section */
		660AF22824B73E760042C2FB /* Main.storyboard */ = {
			isa = PBXVariantGroup;
			children = (
				660AF22924B73E760042C2FB /* Base */,
				6646524224CAD5BB001B9B2C /* zh-Hans */,
			);
			name = Main.storyboard;
			sourceTree = "<group>";
		};
		660AF22D24B73E770042C2FB /* LaunchScreen.storyboard */ = {
			isa = PBXVariantGroup;
			children = (
				660AF22E24B73E770042C2FB /* Base */,
				6646524324CAD5BB001B9B2C /* zh-Hans */,
			);
			name = LaunchScreen.storyboard;
			sourceTree = "<group>";
		};
/* End PBXVariantGroup section */

/* Begin XCBuildConfiguration section */
		660AF24724B73E780042C2FB /* Debug */ = {
			isa = XCBuildConfiguration;
			buildSettings = {
				ALWAYS_SEARCH_USER_PATHS = NO;
				CLANG_ANALYZER_LOCALIZABILITY_NONLOCALIZED = YES;
				CLANG_ANALYZER_NONNULL = YES;
				CLANG_ANALYZER_NUMBER_OBJECT_CONVERSION = YES_AGGRESSIVE;
				CLANG_CXX_LANGUAGE_STANDARD = "gnu++14";
				CLANG_CXX_LIBRARY = "libc++";
				CLANG_ENABLE_MODULES = YES;
				CLANG_ENABLE_OBJC_ARC = YES;
				CLANG_ENABLE_OBJC_WEAK = YES;
				CLANG_WARN_BLOCK_CAPTURE_AUTORELEASING = YES;
				CLANG_WARN_BOOL_CONVERSION = YES;
				CLANG_WARN_COMMA = YES;
				CLANG_WARN_CONSTANT_CONVERSION = YES;
				CLANG_WARN_DEPRECATED_OBJC_IMPLEMENTATIONS = YES;
				CLANG_WARN_DIRECT_OBJC_ISA_USAGE = YES_ERROR;
				CLANG_WARN_DOCUMENTATION_COMMENTS = YES;
				CLANG_WARN_EMPTY_BODY = YES;
				CLANG_WARN_ENUM_CONVERSION = YES;
				CLANG_WARN_INFINITE_RECURSION = YES;
				CLANG_WARN_INT_CONVERSION = YES;
				CLANG_WARN_NON_LITERAL_NULL_CONVERSION = YES;
				CLANG_WARN_OBJC_IMPLICIT_RETAIN_SELF = YES;
				CLANG_WARN_OBJC_LITERAL_CONVERSION = YES;
				CLANG_WARN_OBJC_ROOT_CLASS = YES_ERROR;
				CLANG_WARN_RANGE_LOOP_ANALYSIS = YES;
				CLANG_WARN_STRICT_PROTOTYPES = YES;
				CLANG_WARN_SUSPICIOUS_MOVE = YES;
				CLANG_WARN_UNGUARDED_AVAILABILITY = YES_AGGRESSIVE;
				CLANG_WARN_UNREACHABLE_CODE = YES;
				CLANG_WARN__DUPLICATE_METHOD_MATCH = YES;
				COPY_PHASE_STRIP = NO;
				DEBUG_INFORMATION_FORMAT = dwarf;
				ENABLE_STRICT_OBJC_MSGSEND = YES;
				ENABLE_TESTABILITY = YES;
				GCC_C_LANGUAGE_STANDARD = gnu11;
				GCC_DYNAMIC_NO_PIC = NO;
				GCC_NO_COMMON_BLOCKS = YES;
				GCC_OPTIMIZATION_LEVEL = 0;
				GCC_PREPROCESSOR_DEFINITIONS = (
					"DEBUG=1",
					"$(inherited)",
				);
				GCC_WARN_64_TO_32_BIT_CONVERSION = YES;
				GCC_WARN_ABOUT_RETURN_TYPE = YES_ERROR;
				GCC_WARN_UNDECLARED_SELECTOR = YES;
				GCC_WARN_UNINITIALIZED_AUTOS = YES_AGGRESSIVE;
				GCC_WARN_UNUSED_FUNCTION = YES;
				GCC_WARN_UNUSED_VARIABLE = YES;
				IPHONEOS_DEPLOYMENT_TARGET = 13.4;
				MTL_ENABLE_DEBUG_INFO = INCLUDE_SOURCE;
				MTL_FAST_MATH = YES;
				ONLY_ACTIVE_ARCH = YES;
				SDKROOT = iphoneos;
				SWIFT_ACTIVE_COMPILATION_CONDITIONS = DEBUG;
				SWIFT_OPTIMIZATION_LEVEL = "-Onone";
			};
			name = Debug;
		};
		660AF24824B73E780042C2FB /* Release */ = {
			isa = XCBuildConfiguration;
			buildSettings = {
				ALWAYS_SEARCH_USER_PATHS = NO;
				CLANG_ANALYZER_LOCALIZABILITY_NONLOCALIZED = YES;
				CLANG_ANALYZER_NONNULL = YES;
				CLANG_ANALYZER_NUMBER_OBJECT_CONVERSION = YES_AGGRESSIVE;
				CLANG_CXX_LANGUAGE_STANDARD = "gnu++14";
				CLANG_CXX_LIBRARY = "libc++";
				CLANG_ENABLE_MODULES = YES;
				CLANG_ENABLE_OBJC_ARC = YES;
				CLANG_ENABLE_OBJC_WEAK = YES;
				CLANG_WARN_BLOCK_CAPTURE_AUTORELEASING = YES;
				CLANG_WARN_BOOL_CONVERSION = YES;
				CLANG_WARN_COMMA = YES;
				CLANG_WARN_CONSTANT_CONVERSION = YES;
				CLANG_WARN_DEPRECATED_OBJC_IMPLEMENTATIONS = YES;
				CLANG_WARN_DIRECT_OBJC_ISA_USAGE = YES_ERROR;
				CLANG_WARN_DOCUMENTATION_COMMENTS = YES;
				CLANG_WARN_EMPTY_BODY = YES;
				CLANG_WARN_ENUM_CONVERSION = YES;
				CLANG_WARN_INFINITE_RECURSION = YES;
				CLANG_WARN_INT_CONVERSION = YES;
				CLANG_WARN_NON_LITERAL_NULL_CONVERSION = YES;
				CLANG_WARN_OBJC_IMPLICIT_RETAIN_SELF = YES;
				CLANG_WARN_OBJC_LITERAL_CONVERSION = YES;
				CLANG_WARN_OBJC_ROOT_CLASS = YES_ERROR;
				CLANG_WARN_RANGE_LOOP_ANALYSIS = YES;
				CLANG_WARN_STRICT_PROTOTYPES = YES;
				CLANG_WARN_SUSPICIOUS_MOVE = YES;
				CLANG_WARN_UNGUARDED_AVAILABILITY = YES_AGGRESSIVE;
				CLANG_WARN_UNREACHABLE_CODE = YES;
				CLANG_WARN__DUPLICATE_METHOD_MATCH = YES;
				COPY_PHASE_STRIP = NO;
				DEBUG_INFORMATION_FORMAT = "dwarf-with-dsym";
				ENABLE_NS_ASSERTIONS = NO;
				ENABLE_STRICT_OBJC_MSGSEND = YES;
				GCC_C_LANGUAGE_STANDARD = gnu11;
				GCC_NO_COMMON_BLOCKS = YES;
				GCC_WARN_64_TO_32_BIT_CONVERSION = YES;
				GCC_WARN_ABOUT_RETURN_TYPE = YES_ERROR;
				GCC_WARN_UNDECLARED_SELECTOR = YES;
				GCC_WARN_UNINITIALIZED_AUTOS = YES_AGGRESSIVE;
				GCC_WARN_UNUSED_FUNCTION = YES;
				GCC_WARN_UNUSED_VARIABLE = YES;
				IPHONEOS_DEPLOYMENT_TARGET = 13.4;
				MTL_ENABLE_DEBUG_INFO = NO;
				MTL_FAST_MATH = YES;
				SDKROOT = iphoneos;
				SWIFT_COMPILATION_MODE = wholemodule;
				SWIFT_OPTIMIZATION_LEVEL = "-O";
				VALIDATE_PRODUCT = YES;
			};
			name = Release;
		};
		660AF24A24B73E780042C2FB /* Debug */ = {
			isa = XCBuildConfiguration;
			baseConfigurationReference = B404D6B80DB9C3AF34207F6D /* Pods-Wallpaper.debug.xcconfig */;
			buildSettings = {
				ASSETCATALOG_COMPILER_APPICON_NAME = AppIcon;
				CLANG_ENABLE_MODULES = YES;
				CODE_SIGN_STYLE = Automatic;
				CURRENT_PROJECT_VERSION = 1;
				DEVELOPMENT_TEAM = 5VYP985JJ2;
				INFOPLIST_FILE = Wallpaper/Info.plist;
				IPHONEOS_DEPLOYMENT_TARGET = 11.0;
				LD_RUNPATH_SEARCH_PATHS = (
					"$(inherited)",
					"@executable_path/Frameworks",
				);
				MARKETING_VERSION = 1.0.0;
				PRODUCT_BUNDLE_IDENTIFIER = com.5vdesign.livephoto;
				PRODUCT_NAME = "3D动态壁纸";
				SWIFT_OBJC_BRIDGING_HEADER = "Wallpaper/Wallpaper-Bridging-Header.h";
				SWIFT_OPTIMIZATION_LEVEL = "-Onone";
				SWIFT_VERSION = 5.0;
				TARGETED_DEVICE_FAMILY = 1;
			};
			name = Debug;
		};
		660AF24B24B73E780042C2FB /* Release */ = {
			isa = XCBuildConfiguration;
			baseConfigurationReference = 20D86C73562B8CE670E00EAC /* Pods-Wallpaper.release.xcconfig */;
			buildSettings = {
				ASSETCATALOG_COMPILER_APPICON_NAME = AppIcon;
				CLANG_ENABLE_MODULES = YES;
				CODE_SIGN_STYLE = Automatic;
				CURRENT_PROJECT_VERSION = 1;
				DEVELOPMENT_TEAM = 5VYP985JJ2;
				INFOPLIST_FILE = Wallpaper/Info.plist;
				IPHONEOS_DEPLOYMENT_TARGET = 11.0;
				LD_RUNPATH_SEARCH_PATHS = (
					"$(inherited)",
					"@executable_path/Frameworks",
				);
				MARKETING_VERSION = 1.0.0;
				PRODUCT_BUNDLE_IDENTIFIER = com.5vdesign.livephoto;
				PRODUCT_NAME = "3D动态壁纸";
				SWIFT_OBJC_BRIDGING_HEADER = "Wallpaper/Wallpaper-Bridging-Header.h";
				SWIFT_VERSION = 5.0;
				TARGETED_DEVICE_FAMILY = 1;
			};
			name = Release;
		};
		660AF24D24B73E780042C2FB /* Debug */ = {
			isa = XCBuildConfiguration;
			buildSettings = {
				ALWAYS_EMBED_SWIFT_STANDARD_LIBRARIES = YES;
				BUNDLE_LOADER = "$(TEST_HOST)";
				CODE_SIGN_STYLE = Automatic;
				DEVELOPMENT_TEAM = 5VYP985JJ2;
				INFOPLIST_FILE = WallpaperTests/Info.plist;
				IPHONEOS_DEPLOYMENT_TARGET = 13.4;
				LD_RUNPATH_SEARCH_PATHS = (
					"$(inherited)",
					"@executable_path/Frameworks",
					"@loader_path/Frameworks",
				);
				PRODUCT_BUNDLE_IDENTIFIER = com.lps.WallpaperTests;
				PRODUCT_NAME = "$(TARGET_NAME)";
				SWIFT_VERSION = 5.0;
				TARGETED_DEVICE_FAMILY = "1,2";
				TEST_HOST = "$(BUILT_PRODUCTS_DIR)/Wallpaper.app/Wallpaper";
			};
			name = Debug;
		};
		660AF24E24B73E780042C2FB /* Release */ = {
			isa = XCBuildConfiguration;
			buildSettings = {
				ALWAYS_EMBED_SWIFT_STANDARD_LIBRARIES = YES;
				BUNDLE_LOADER = "$(TEST_HOST)";
				CODE_SIGN_STYLE = Automatic;
				DEVELOPMENT_TEAM = 5VYP985JJ2;
				INFOPLIST_FILE = WallpaperTests/Info.plist;
				IPHONEOS_DEPLOYMENT_TARGET = 13.4;
				LD_RUNPATH_SEARCH_PATHS = (
					"$(inherited)",
					"@executable_path/Frameworks",
					"@loader_path/Frameworks",
				);
				PRODUCT_BUNDLE_IDENTIFIER = com.lps.WallpaperTests;
				PRODUCT_NAME = "$(TARGET_NAME)";
				SWIFT_VERSION = 5.0;
				TARGETED_DEVICE_FAMILY = "1,2";
				TEST_HOST = "$(BUILT_PRODUCTS_DIR)/Wallpaper.app/Wallpaper";
			};
			name = Release;
		};
		660AF25024B73E780042C2FB /* Debug */ = {
			isa = XCBuildConfiguration;
			buildSettings = {
				ALWAYS_EMBED_SWIFT_STANDARD_LIBRARIES = YES;
				CODE_SIGN_STYLE = Automatic;
				DEVELOPMENT_TEAM = 5VYP985JJ2;
				INFOPLIST_FILE = WallpaperUITests/Info.plist;
				LD_RUNPATH_SEARCH_PATHS = (
					"$(inherited)",
					"@executable_path/Frameworks",
					"@loader_path/Frameworks",
				);
				PRODUCT_BUNDLE_IDENTIFIER = com.lps.WallpaperUITests;
				PRODUCT_NAME = "$(TARGET_NAME)";
				SWIFT_VERSION = 5.0;
				TARGETED_DEVICE_FAMILY = "1,2";
				TEST_TARGET_NAME = Wallpaper;
			};
			name = Debug;
		};
		660AF25124B73E780042C2FB /* Release */ = {
			isa = XCBuildConfiguration;
			buildSettings = {
				ALWAYS_EMBED_SWIFT_STANDARD_LIBRARIES = YES;
				CODE_SIGN_STYLE = Automatic;
				DEVELOPMENT_TEAM = 5VYP985JJ2;
				INFOPLIST_FILE = WallpaperUITests/Info.plist;
				LD_RUNPATH_SEARCH_PATHS = (
					"$(inherited)",
					"@executable_path/Frameworks",
					"@loader_path/Frameworks",
				);
				PRODUCT_BUNDLE_IDENTIFIER = com.lps.WallpaperUITests;
				PRODUCT_NAME = "$(TARGET_NAME)";
				SWIFT_VERSION = 5.0;
				TARGETED_DEVICE_FAMILY = "1,2";
				TEST_TARGET_NAME = Wallpaper;
			};
			name = Release;
		};
/* End XCBuildConfiguration section */

/* Begin XCConfigurationList section */
		660AF21A24B73E760042C2FB /* Build configuration list for PBXProject "Wallpaper" */ = {
			isa = XCConfigurationList;
			buildConfigurations = (
				660AF24724B73E780042C2FB /* Debug */,
				660AF24824B73E780042C2FB /* Release */,
			);
			defaultConfigurationIsVisible = 0;
			defaultConfigurationName = Release;
		};
		660AF24924B73E780042C2FB /* Build configuration list for PBXNativeTarget "Wallpaper" */ = {
			isa = XCConfigurationList;
			buildConfigurations = (
				660AF24A24B73E780042C2FB /* Debug */,
				660AF24B24B73E780042C2FB /* Release */,
			);
			defaultConfigurationIsVisible = 0;
			defaultConfigurationName = Release;
		};
		660AF24C24B73E780042C2FB /* Build configuration list for PBXNativeTarget "WallpaperTests" */ = {
			isa = XCConfigurationList;
			buildConfigurations = (
				660AF24D24B73E780042C2FB /* Debug */,
				660AF24E24B73E780042C2FB /* Release */,
			);
			defaultConfigurationIsVisible = 0;
			defaultConfigurationName = Release;
		};
		660AF24F24B73E780042C2FB /* Build configuration list for PBXNativeTarget "WallpaperUITests" */ = {
			isa = XCConfigurationList;
			buildConfigurations = (
				660AF25024B73E780042C2FB /* Debug */,
				660AF25124B73E780042C2FB /* Release */,
			);
			defaultConfigurationIsVisible = 0;
			defaultConfigurationName = Release;
		};
/* End XCConfigurationList section */
	};
	rootObject = 660AF21724B73E760042C2FB /* Project object */;
}
