// !$*UTF8*$!
{
	archiveVersion = 1;
	classes = {
	};
	objectVersion = 50;
	objects = {

/* Begin PBXBuildFile section */
		1E3DB6BD1F0387881C4F0EE3 /* libPods-Wallpaper.a in Frameworks */ = {isa = PBXBuildFile; fileRef = E6A933E3C7F7388999F4BB88 /* libPods-Wallpaper.a */; };
		660AF22324B73E760042C2FB /* AppDelegate.swift in Sources */ = {isa = PBXBuildFile; fileRef = 660AF22224B73E760042C2FB /* AppDelegate.swift */; };
		660AF22724B73E760042C2FB /* ViewController.swift in Sources */ = {isa = PBXBuildFile; fileRef = 660AF22624B73E760042C2FB /* ViewController.swift */; };
		660AF22A24B73E760042C2FB /* Main.storyboard in Resources */ = {isa = PBXBuildFile; fileRef = 660AF22824B73E760042C2FB /* Main.storyboard */; };
		660AF22C24B73E770042C2FB /* Assets.xcassets in Resources */ = {isa = PBXBuildFile; fileRef = 660AF22B24B73E770042C2FB /* Assets.xcassets */; };
		660AF22F24B73E770042C2FB /* LaunchScreen.storyboard in Resources */ = {isa = PBXBuildFile; fileRef = 660AF22D24B73E770042C2FB /* LaunchScreen.storyboard */; };
		660AF23A24B73E780042C2FB /* WallpaperTests.swift in Sources */ = {isa = PBXBuildFile; fileRef = 660AF23924B73E780042C2FB /* WallpaperTests.swift */; };
		660AF24524B73E780042C2FB /* WallpaperUITests.swift in Sources */ = {isa = PBXBuildFile; fileRef = 660AF24424B73E780042C2FB /* WallpaperUITests.swift */; };
		660AF25324B73F5B0042C2FB /* WallpaperManager.swift in Sources */ = {isa = PBXBuildFile; fileRef = 660AF25224B73F5B0042C2FB /* WallpaperManager.swift */; };
		660AF25524B743600042C2FB /* WallpaperDownloader.swift in Sources */ = {isa = PBXBuildFile; fileRef = 660AF25424B743600042C2FB /* WallpaperDownloader.swift */; };
/* End PBXBuildFile section */

/* Begin PBXContainerItemProxy section */
		660AF23624B73E780042C2FB /* PBXContainerItemProxy */ = {
			isa = PBXContainerItemProxy;
			containerPortal = 660AF21724B73E760042C2FB /* Project object */;
			proxyType = 1;
			remoteGlobalIDString = 660AF21E24B73E760042C2FB;
			remoteInfo = Wallpaper;
		};
		660AF24124B73E780042C2FB /* PBXContainerItemProxy */ = {
			isa = PBXContainerItemProxy;
			containerPortal = 660AF21724B73E760042C2FB /* Project object */;
			proxyType = 1;
			remoteGlobalIDString = 660AF21E24B73E760042C2FB;
			remoteInfo = Wallpaper;
		};
/* End PBXContainerItemProxy section */

/* Begin PBXFileReference section */
		20D86C73562B8CE670E00EAC /* Pods-Wallpaper.release.xcconfig */ = {isa = PBXFileReference; includeInIndex = 1; lastKnownFileType = text.xcconfig; name = "Pods-Wallpaper.release.xcconfig"; path = "Target Support Files/Pods-Wallpaper/Pods-Wallpaper.release.xcconfig"; sourceTree = "<group>"; };
		660AF21F24B73E760042C2FB /* Wallpaper.app */ = {isa = PBXFileReference; explicitFileType = wrapper.application; includeInIndex = 0; path = Wallpaper.app; sourceTree = BUILT_PRODUCTS_DIR; };
		660AF22224B73E760042C2FB /* AppDelegate.swift */ = {isa = PBXFileReference; lastKnownFileType = sourcecode.swift; path = AppDelegate.swift; sourceTree = "<group>"; };
		660AF22624B73E760042C2FB /* ViewController.swift */ = {isa = PBXFileReference; lastKnownFileType = sourcecode.swift; path = ViewController.swift; sourceTree = "<group>"; };
		660AF22924B73E760042C2FB /* Base */ = {isa = PBXFileReference; lastKnownFileType = file.storyboard; name = Base; path = Base.lproj/Main.storyboard; sourceTree = "<group>"; };
		660AF22B24B73E770042C2FB /* Assets.xcassets */ = {isa = PBXFileReference; lastKnownFileType = folder.assetcatalog; path = Assets.xcassets; sourceTree = "<group>"; };
		660AF22E24B73E770042C2FB /* Base */ = {isa = PBXFileReference; lastKnownFileType = file.storyboard; name = Base; path = Base.lproj/LaunchScreen.storyboard; sourceTree = "<group>"; };
		660AF23024B73E770042C2FB /* Info.plist */ = {isa = PBXFileReference; lastKnownFileType = text.plist.xml; path = Info.plist; sourceTree = "<group>"; };
		660AF23524B73E780042C2FB /* WallpaperTests.xctest */ = {isa = PBXFileReference; explicitFileType = wrapper.cfbundle; includeInIndex = 0; path = WallpaperTests.xctest; sourceTree = BUILT_PRODUCTS_DIR; };
		660AF23924B73E780042C2FB /* WallpaperTests.swift */ = {isa = PBXFileReference; lastKnownFileType = sourcecode.swift; path = WallpaperTests.swift; sourceTree = "<group>"; };
		660AF23B24B73E780042C2FB /* Info.plist */ = {isa = PBXFileReference; lastKnownFileType = text.plist.xml; path = Info.plist; sourceTree = "<group>"; };
		660AF24024B73E780042C2FB /* WallpaperUITests.xctest */ = {isa = PBXFileReference; explicitFileType = wrapper.cfbundle; includeInIndex = 0; path = WallpaperUITests.xctest; sourceTree = BUILT_PRODUCTS_DIR; };
		660AF24424B73E780042C2FB /* WallpaperUITests.swift */ = {isa = PBXFileReference; lastKnownFileType = sourcecode.swift; path = WallpaperUITests.swift; sourceTree = "<group>"; };
		660AF24624B73E780042C2FB /* Info.plist */ = {isa = PBXFileReference; lastKnownFileType = text.plist.xml; path = Info.plist; sourceTree = "<group>"; };
		660AF25224B73F5B0042C2FB /* WallpaperManager.swift */ = {isa = PBXFileReference; lastKnownFileType = sourcecode.swift; path = WallpaperManager.swift; sourceTree = "<group>"; };
		660AF25424B743600042C2FB /* WallpaperDownloader.swift */ = {isa = PBXFileReference; lastKnownFileType = sourcecode.swift; path = WallpaperDownloader.swift; sourceTree = "<group>"; };
		B404D6B80DB9C3AF34207F6D /* Pods-Wallpaper.debug.xcconfig */ = {isa = PBXFileReference; includeInIndex = 1; lastKnownFileType = text.xcconfig; name = "Pods-Wallpaper.debug.xcconfig"; path = "Target Support Files/Pods-Wallpaper/Pods-Wallpaper.debug.xcconfig"; sourceTree = "<group>"; };
		E6A933E3C7F7388999F4BB88 /* libPods-Wallpaper.a */ = {isa = PBXFileReference; explicitFileType = archive.ar; includeInIndex = 0; path = "libPods-Wallpaper.a"; sourceTree = BUILT_PRODUCTS_DIR; };
/* End PBXFileReference section */

/* Begin PBXFrameworksBuildPhase section */
		660AF21C24B73E760042C2FB /* Frameworks */ = {
			isa = PBXFrameworksBuildPhase;
			buildActionMask = 2147483647;
			files = (
				1E3DB6BD1F0387881C4F0EE3 /* libPods-Wallpaper.a in Frameworks */,
			);
			runOnlyForDeploymentPostprocessing = 0;
		};
		660AF23224B73E780042C2FB /* Frameworks */ = {
			isa = PBXFrameworksBuildPhase;
			buildActionMask = 2147483647;
			files = (
			);
			runOnlyForDeploymentPostprocessing = 0;
		};
		660AF23D24B73E780042C2FB /* Frameworks */ = {
			isa = PBXFrameworksBuildPhase;
			buildActionMask = 2147483647;
			files = (
			);
			runOnlyForDeploymentPostprocessing = 0;
		};
/* End PBXFrameworksBuildPhase section */

/* Begin PBXGroup section */
		660AF21624B73E760042C2FB = {
			isa = PBXGroup;
			children = (
				660AF22124B73E760042C2FB /* Wallpaper */,
				660AF23824B73E780042C2FB /* WallpaperTests */,
				660AF24324B73E780042C2FB /* WallpaperUITests */,
				660AF22024B73E760042C2FB /* Products */,
				A892ED4BB1FF84098DDFBA97 /* Pods */,
				FD235F5930F0D3B82EB62010 /* Frameworks */,
			);
			sourceTree = "<group>";
		};
		660AF22024B73E760042C2FB /* Products */ = {
			isa = PBXGroup;
			children = (
				660AF21F24B73E760042C2FB /* Wallpaper.app */,
				660AF23524B73E780042C2FB /* WallpaperTests.xctest */,
				660AF24024B73E780042C2FB /* WallpaperUITests.xctest */,
			);
			name = Products;
			sourceTree = "<group>";
		};
		660AF22124B73E760042C2FB /* Wallpaper */ = {
			isa = PBXGroup;
			children = (
				660AF22224B73E760042C2FB /* AppDelegate.swift */,
				660AF22624B73E760042C2FB /* ViewController.swift */,
				660AF25224B73F5B0042C2FB /* WallpaperManager.swift */,
				660AF25424B743600042C2FB /* WallpaperDownloader.swift */,
				660AF22824B73E760042C2FB /* Main.storyboard */,
				660AF22B24B73E770042C2FB /* Assets.xcassets */,
				660AF22D24B73E770042C2FB /* LaunchScreen.storyboard */,
				660AF23024B73E770042C2FB /* Info.plist */,
			);
			path = Wallpaper;
			sourceTree = "<group>";
		};
		660AF23824B73E780042C2FB /* WallpaperTests */ = {
			isa = PBXGroup;
			children = (
				660AF23924B73E780042C2FB /* WallpaperTests.swift */,
				660AF23B24B73E780042C2FB /* Info.plist */,
			);
			path = WallpaperTests;
			sourceTree = "<group>";
		};
		660AF24324B73E780042C2FB /* WallpaperUITests */ = {
			isa = PBXGroup;
			children = (
				660AF24424B73E780042C2FB /* WallpaperUITests.swift */,
				660AF24624B73E780042C2FB /* Info.plist */,
			);
			path = WallpaperUITests;
			sourceTree = "<group>";
		};
		A892ED4BB1FF84098DDFBA97 /* Pods */ = {
			isa = PBXGroup;
			children = (
				B404D6B80DB9C3AF34207F6D /* Pods-Wallpaper.debug.xcconfig */,
				20D86C73562B8CE670E00EAC /* Pods-Wallpaper.release.xcconfig */,
			);
			name = Pods;
			path = Pods;
			sourceTree = "<group>";
		};
		FD235F5930F0D3B82EB62010 /* Frameworks */ = {
			isa = PBXGroup;
			children = (
				E6A933E3C7F7388999F4BB88 /* libPods-Wallpaper.a */,
			);
			name = Frameworks;
			sourceTree = "<group>";
		};
/* End PBXGroup section */

/* Begin PBXNativeTarget section */
		660AF21E24B73E760042C2FB /* Wallpaper */ = {
			isa = PBXNativeTarget;
			buildConfigurationList = 660AF24924B73E780042C2FB /* Build configuration list for PBXNativeTarget "Wallpaper" */;
			buildPhases = (
				E2B3CD7E92D18559E1B81E20 /* [CP] Check Pods Manifest.lock */,
				660AF21B24B73E760042C2FB /* Sources */,
				660AF21C24B73E760042C2FB /* Frameworks */,
				660AF21D24B73E760042C2FB /* Resources */,
			);
			buildRules = (
			);
			dependencies = (
			);
			name = Wallpaper;
			productName = Wallpaper;
			productReference = 660AF21F24B73E760042C2FB /* Wallpaper.app */;
			productType = "com.apple.product-type.application";
		};
		660AF23424B73E780042C2FB /* WallpaperTests */ = {
			isa = PBXNativeTarget;
			buildConfigurationList = 660AF24C24B73E780042C2FB /* Build configuration list for PBXNativeTarget "WallpaperTests" */;
			buildPhases = (
				660AF23124B73E780042C2FB /* Sources */,
				660AF23224B73E780042C2FB /* Frameworks */,
				660AF23324B73E780042C2FB /* Resources */,
			);
			buildRules = (
			);
			dependencies = (
				660AF23724B73E780042C2FB /* PBXTargetDependency */,
			);
			name = WallpaperTests;
			productName = WallpaperTests;
			productReference = 660AF23524B73E780042C2FB /* WallpaperTests.xctest */;
			productType = "com.apple.product-type.bundle.unit-test";
		};
		660AF23F24B73E780042C2FB /* WallpaperUITests */ = {
			isa = PBXNativeTarget;
			buildConfigurationList = 660AF24F24B73E780042C2FB /* Build configuration list for PBXNativeTarget "WallpaperUITests" */;
			buildPhases = (
				660AF23C24B73E780042C2FB /* Sources */,
				660AF23D24B73E780042C2FB /* Frameworks */,
				660AF23E24B73E780042C2FB /* Resources */,
			);
			buildRules = (
			);
			dependencies = (
				660AF24224B73E780042C2FB /* PBXTargetDependency */,
			);
			name = WallpaperUITests;
			productName = WallpaperUITests;
			productReference = 660AF24024B73E780042C2FB /* WallpaperUITests.xctest */;
			productType = "com.apple.product-type.bundle.ui-testing";
		};
/* End PBXNativeTarget section */

/* Begin PBXProject section */
		660AF21724B73E760042C2FB /* Project object */ = {
			isa = PBXProject;
			attributes = {
				LastSwiftUpdateCheck = 1140;
				LastUpgradeCheck = 1140;
				ORGANIZATIONNAME = langren;
				TargetAttributes = {
					660AF21E24B73E760042C2FB = {
						CreatedOnToolsVersion = 11.4;
					};
					660AF23424B73E780042C2FB = {
						CreatedOnToolsVersion = 11.4;
						TestTargetID = 660AF21E24B73E760042C2FB;
					};
					660AF23F24B73E780042C2FB = {
						CreatedOnToolsVersion = 11.4;
						TestTargetID = 660AF21E24B73E760042C2FB;
					};
				};
			};
			buildConfigurationList = 660AF21A24B73E760042C2FB /* Build configuration list for PBXProject "Wallpaper" */;
			compatibilityVersion = "Xcode 9.3";
			developmentRegion = en;
			hasScannedForEncodings = 0;
			knownRegions = (
				en,
				Base,
			);
			mainGroup = 660AF21624B73E760042C2FB;
			productRefGroup = 660AF22024B73E760042C2FB /* Products */;
			projectDirPath = "";
			projectRoot = "";
			targets = (
				660AF21E24B73E760042C2FB /* Wallpaper */,
				660AF23424B73E780042C2FB /* WallpaperTests */,
				660AF23F24B73E780042C2FB /* WallpaperUITests */,
			);
		};
/* End PBXProject section */

/* Begin PBXResourcesBuildPhase section */
		660AF21D24B73E760042C2FB /* Resources */ = {
			isa = PBXResourcesBuildPhase;
			buildActionMask = 2147483647;
			files = (
				660AF22F24B73E770042C2FB /* LaunchScreen.storyboard in Resources */,
				660AF22C24B73E770042C2FB /* Assets.xcassets in Resources */,
				660AF22A24B73E760042C2FB /* Main.storyboard in Resources */,
			);
			runOnlyForDeploymentPostprocessing = 0;
		};
		660AF23324B73E780042C2FB /* Resources */ = {
			isa = PBXResourcesBuildPhase;
			buildActionMask = 2147483647;
			files = (
			);
			runOnlyForDeploymentPostprocessing = 0;
		};
		660AF23E24B73E780042C2FB /* Resources */ = {
			isa = PBXResourcesBuildPhase;
			buildActionMask = 2147483647;
			files = (
			);
			runOnlyForDeploymentPostprocessing = 0;
		};
/* End PBXResourcesBuildPhase section */

/* Begin PBXShellScriptBuildPhase section */
		E2B3CD7E92D18559E1B81E20 /* [CP] Check Pods Manifest.lock */ = {
			isa = PBXShellScriptBuildPhase;
			buildActionMask = 2147483647;
			files = (
			);
			inputFileListPaths = (
			);
			inputPaths = (
				"${PODS_PODFILE_DIR_PATH}/Podfile.lock",
				"${PODS_ROOT}/Manifest.lock",
			);
			name = "[CP] Check Pods Manifest.lock";
			outputFileListPaths = (
			);
			outputPaths = (
				"$(DERIVED_FILE_DIR)/Pods-Wallpaper-checkManifestLockResult.txt",
			);
			runOnlyForDeploymentPostprocessing = 0;
			shellPath = /bin/sh;
			shellScript = "diff \"${PODS_PODFILE_DIR_PATH}/Podfile.lock\" \"${PODS_ROOT}/Manifest.lock\" > /dev/null\nif [ $? != 0 ] ; then\n    # print error to STDERR\n    echo \"error: The sandbox is not in sync with the Podfile.lock. Run 'pod install' or update your CocoaPods installation.\" >&2\n    exit 1\nfi\n# This output is used by Xcode 'outputs' to avoid re-running this script phase.\necho \"SUCCESS\" > \"${SCRIPT_OUTPUT_FILE_0}\"\n";
			showEnvVarsInLog = 0;
		};
/* End PBXShellScriptBuildPhase section */

/* Begin PBXSourcesBuildPhase section */
		660AF21B24B73E760042C2FB /* Sources */ = {
			isa = PBXSourcesBuildPhase;
			buildActionMask = 2147483647;
			files = (
				660AF22724B73E760042C2FB /* ViewController.swift in Sources */,
				660AF25324B73F5B0042C2FB /* WallpaperManager.swift in Sources */,
				660AF22324B73E760042C2FB /* AppDelegate.swift in Sources */,
				660AF25524B743600042C2FB /* WallpaperDownloader.swift in Sources */,
			);
			runOnlyForDeploymentPostprocessing = 0;
		};
		660AF23124B73E780042C2FB /* Sources */ = {
			isa = PBXSourcesBuildPhase;
			buildActionMask = 2147483647;
			files = (
				660AF23A24B73E780042C2FB /* WallpaperTests.swift in Sources */,
			);
			runOnlyForDeploymentPostprocessing = 0;
		};
		660AF23C24B73E780042C2FB /* Sources */ = {
			isa = PBXSourcesBuildPhase;
			buildActionMask = 2147483647;
			files = (
				660AF24524B73E780042C2FB /* WallpaperUITests.swift in Sources */,
			);
			runOnlyForDeploymentPostprocessing = 0;
		};
/* End PBXSourcesBuildPhase section */

/* Begin PBXTargetDependency section */
		660AF23724B73E780042C2FB /* PBXTargetDependency */ = {
			isa = PBXTargetDependency;
			target = 660AF21E24B73E760042C2FB /* Wallpaper */;
			targetProxy = 660AF23624B73E780042C2FB /* PBXContainerItemProxy */;
		};
		660AF24224B73E780042C2FB /* PBXTargetDependency */ = {
			isa = PBXTargetDependency;
			target = 660AF21E24B73E760042C2FB /* Wallpaper */;
			targetProxy = 660AF24124B73E780042C2FB /* PBXContainerItemProxy */;
		};
/* End PBXTargetDependency section */

/* Begin PBXVariantGroup section */
		660AF22824B73E760042C2FB /* Main.storyboard */ = {
			isa = PBXVariantGroup;
			children = (
				660AF22924B73E760042C2FB /* Base */,
			);
			name = Main.storyboard;
			sourceTree = "<group>";
		};
		660AF22D24B73E770042C2FB /* LaunchScreen.storyboard */ = {
			isa = PBXVariantGroup;
			children = (
				660AF22E24B73E770042C2FB /* Base */,
			);
			name = LaunchScreen.storyboard;
			sourceTree = "<group>";
		};
/* End PBXVariantGroup section */

/* Begin XCBuildConfiguration section */
		660AF24724B73E780042C2FB /* Debug */ = {
			isa = XCBuildConfiguration;
			buildSettings = {
				ALWAYS_SEARCH_USER_PATHS = NO;
				CLANG_ANALYZER_NONNULL = YES;
				CLANG_ANALYZER_NUMBER_OBJECT_CONVERSION = YES_AGGRESSIVE;
				CLANG_CXX_LANGUAGE_STANDARD = "gnu++14";
				CLANG_CXX_LIBRARY = "libc++";
				CLANG_ENABLE_MODULES = YES;
				CLANG_ENABLE_OBJC_ARC = YES;
				CLANG_ENABLE_OBJC_WEAK = YES;
				CLANG_WARN_BLOCK_CAPTURE_AUTORELEASING = YES;
				CLANG_WARN_BOOL_CONVERSION = YES;
				CLANG_WARN_COMMA = YES;
				CLANG_WARN_CONSTANT_CONVERSION = YES;
				CLANG_WARN_DEPRECATED_OBJC_IMPLEMENTATIONS = YES;
				CLANG_WARN_DIRECT_OBJC_ISA_USAGE = YES_ERROR;
				CLANG_WARN_DOCUMENTATION_COMMENTS = YES;
				CLANG_WARN_EMPTY_BODY = YES;
				CLANG_WARN_ENUM_CONVERSION = YES;
				CLANG_WARN_INFINITE_RECURSION = YES;
				CLANG_WARN_INT_CONVERSION = YES;
				CLANG_WARN_NON_LITERAL_NULL_CONVERSION = YES;
				CLANG_WARN_OBJC_IMPLICIT_RETAIN_SELF = YES;
				CLANG_WARN_OBJC_LITERAL_CONVERSION = YES;
				CLANG_WARN_OBJC_ROOT_CLASS = YES_ERROR;
				CLANG_WARN_RANGE_LOOP_ANALYSIS = YES;
				CLANG_WARN_STRICT_PROTOTYPES = YES;
				CLANG_WARN_SUSPICIOUS_MOVE = YES;
				CLANG_WARN_UNGUARDED_AVAILABILITY = YES_AGGRESSIVE;
				CLANG_WARN_UNREACHABLE_CODE = YES;
				CLANG_WARN__DUPLICATE_METHOD_MATCH = YES;
				COPY_PHASE_STRIP = NO;
				DEBUG_INFORMATION_FORMAT = dwarf;
				ENABLE_STRICT_OBJC_MSGSEND = YES;
				ENABLE_TESTABILITY = YES;
				GCC_C_LANGUAGE_STANDARD = gnu11;
				GCC_DYNAMIC_NO_PIC = NO;
				GCC_NO_COMMON_BLOCKS = YES;
				GCC_OPTIMIZATION_LEVEL = 0;
				GCC_PREPROCESSOR_DEFINITIONS = (
					"DEBUG=1",
					"$(inherited)",
				);
				GCC_WARN_64_TO_32_BIT_CONVERSION = YES;
				GCC_WARN_ABOUT_RETURN_TYPE = YES_ERROR;
				GCC_WARN_UNDECLARED_SELECTOR = YES;
				GCC_WARN_UNINITIALIZED_AUTOS = YES_AGGRESSIVE;
				GCC_WARN_UNUSED_FUNCTION = YES;
				GCC_WARN_UNUSED_VARIABLE = YES;
				IPHONEOS_DEPLOYMENT_TARGET = 13.4;
				MTL_ENABLE_DEBUG_INFO = INCLUDE_SOURCE;
				MTL_FAST_MATH = YES;
				ONLY_ACTIVE_ARCH = YES;
				SDKROOT = iphoneos;
				SWIFT_ACTIVE_COMPILATION_CONDITIONS = DEBUG;
				SWIFT_OPTIMIZATION_LEVEL = "-Onone";
			};
			name = Debug;
		};
		660AF24824B73E780042C2FB /* Release */ = {
			isa = XCBuildConfiguration;
			buildSettings = {
				ALWAYS_SEARCH_USER_PATHS = NO;
				CLANG_ANALYZER_NONNULL = YES;
				CLANG_ANALYZER_NUMBER_OBJECT_CONVERSION = YES_AGGRESSIVE;
				CLANG_CXX_LANGUAGE_STANDARD = "gnu++14";
				CLANG_CXX_LIBRARY = "libc++";
				CLANG_ENABLE_MODULES = YES;
				CLANG_ENABLE_OBJC_ARC = YES;
				CLANG_ENABLE_OBJC_WEAK = YES;
				CLANG_WARN_BLOCK_CAPTURE_AUTORELEASING = YES;
				CLANG_WARN_BOOL_CONVERSION = YES;
				CLANG_WARN_COMMA = YES;
				CLANG_WARN_CONSTANT_CONVERSION = YES;
				CLANG_WARN_DEPRECATED_OBJC_IMPLEMENTATIONS = YES;
				CLANG_WARN_DIRECT_OBJC_ISA_USAGE = YES_ERROR;
				CLANG_WARN_DOCUMENTATION_COMMENTS = YES;
				CLANG_WARN_EMPTY_BODY = YES;
				CLANG_WARN_ENUM_CONVERSION = YES;
				CLANG_WARN_INFINITE_RECURSION = YES;
				CLANG_WARN_INT_CONVERSION = YES;
				CLANG_WARN_NON_LITERAL_NULL_CONVERSION = YES;
				CLANG_WARN_OBJC_IMPLICIT_RETAIN_SELF = YES;
				CLANG_WARN_OBJC_LITERAL_CONVERSION = YES;
				CLANG_WARN_OBJC_ROOT_CLASS = YES_ERROR;
				CLANG_WARN_RANGE_LOOP_ANALYSIS = YES;
				CLANG_WARN_STRICT_PROTOTYPES = YES;
				CLANG_WARN_SUSPICIOUS_MOVE = YES;
				CLANG_WARN_UNGUARDED_AVAILABILITY = YES_AGGRESSIVE;
				CLANG_WARN_UNREACHABLE_CODE = YES;
				CLANG_WARN__DUPLICATE_METHOD_MATCH = YES;
				COPY_PHASE_STRIP = NO;
				DEBUG_INFORMATION_FORMAT = "dwarf-with-dsym";
				ENABLE_NS_ASSERTIONS = NO;
				ENABLE_STRICT_OBJC_MSGSEND = YES;
				GCC_C_LANGUAGE_STANDARD = gnu11;
				GCC_NO_COMMON_BLOCKS = YES;
				GCC_WARN_64_TO_32_BIT_CONVERSION = YES;
				GCC_WARN_ABOUT_RETURN_TYPE = YES_ERROR;
				GCC_WARN_UNDECLARED_SELECTOR = YES;
				GCC_WARN_UNINITIALIZED_AUTOS = YES_AGGRESSIVE;
				GCC_WARN_UNUSED_FUNCTION = YES;
				GCC_WARN_UNUSED_VARIABLE = YES;
				IPHONEOS_DEPLOYMENT_TARGET = 13.4;
				MTL_ENABLE_DEBUG_INFO = NO;
				MTL_FAST_MATH = YES;
				SDKROOT = iphoneos;
				SWIFT_COMPILATION_MODE = wholemodule;
				SWIFT_OPTIMIZATION_LEVEL = "-O";
				VALIDATE_PRODUCT = YES;
			};
			name = Release;
		};
		660AF24A24B73E780042C2FB /* Debug */ = {
			isa = XCBuildConfiguration;
			baseConfigurationReference = B404D6B80DB9C3AF34207F6D /* Pods-Wallpaper.debug.xcconfig */;
			buildSettings = {
				ASSETCATALOG_COMPILER_APPICON_NAME = AppIcon;
				CODE_SIGN_STYLE = Automatic;
				DEVELOPMENT_TEAM = 5VYP985JJ2;
				INFOPLIST_FILE = Wallpaper/Info.plist;
				IPHONEOS_DEPLOYMENT_TARGET = 11.0;
				LD_RUNPATH_SEARCH_PATHS = (
					"$(inherited)",
					"@executable_path/Frameworks",
				);
				PRODUCT_BUNDLE_IDENTIFIER = com.lps.Wallpaper;
				PRODUCT_NAME = "$(TARGET_NAME)";
				SWIFT_VERSION = 5.0;
				TARGETED_DEVICE_FAMILY = "1,2";
			};
			name = Debug;
		};
		660AF24B24B73E780042C2FB /* Release */ = {
			isa = XCBuildConfiguration;
			baseConfigurationReference = 20D86C73562B8CE670E00EAC /* Pods-Wallpaper.release.xcconfig */;
			buildSettings = {
				ASSETCATALOG_COMPILER_APPICON_NAME = AppIcon;
				CODE_SIGN_STYLE = Automatic;
				DEVELOPMENT_TEAM = 5VYP985JJ2;
				INFOPLIST_FILE = Wallpaper/Info.plist;
				IPHONEOS_DEPLOYMENT_TARGET = 11.0;
				LD_RUNPATH_SEARCH_PATHS = (
					"$(inherited)",
					"@executable_path/Frameworks",
				);
				PRODUCT_BUNDLE_IDENTIFIER = com.lps.Wallpaper;
				PRODUCT_NAME = "$(TARGET_NAME)";
				SWIFT_VERSION = 5.0;
				TARGETED_DEVICE_FAMILY = "1,2";
			};
			name = Release;
		};
		660AF24D24B73E780042C2FB /* Debug */ = {
			isa = XCBuildConfiguration;
			buildSettings = {
				ALWAYS_EMBED_SWIFT_STANDARD_LIBRARIES = YES;
				BUNDLE_LOADER = "$(TEST_HOST)";
				CODE_SIGN_STYLE = Automatic;
				DEVELOPMENT_TEAM = 5VYP985JJ2;
				INFOPLIST_FILE = WallpaperTests/Info.plist;
				IPHONEOS_DEPLOYMENT_TARGET = 13.4;
				LD_RUNPATH_SEARCH_PATHS = (
					"$(inherited)",
					"@executable_path/Frameworks",
					"@loader_path/Frameworks",
				);
				PRODUCT_BUNDLE_IDENTIFIER = com.lps.WallpaperTests;
				PRODUCT_NAME = "$(TARGET_NAME)";
				SWIFT_VERSION = 5.0;
				TARGETED_DEVICE_FAMILY = "1,2";
				TEST_HOST = "$(BUILT_PRODUCTS_DIR)/Wallpaper.app/Wallpaper";
			};
			name = Debug;
		};
		660AF24E24B73E780042C2FB /* Release */ = {
			isa = XCBuildConfiguration;
			buildSettings = {
				ALWAYS_EMBED_SWIFT_STANDARD_LIBRARIES = YES;
				BUNDLE_LOADER = "$(TEST_HOST)";
				CODE_SIGN_STYLE = Automatic;
				DEVELOPMENT_TEAM = 5VYP985JJ2;
				INFOPLIST_FILE = WallpaperTests/Info.plist;
				IPHONEOS_DEPLOYMENT_TARGET = 13.4;
				LD_RUNPATH_SEARCH_PATHS = (
					"$(inherited)",
					"@executable_path/Frameworks",
					"@loader_path/Frameworks",
				);
				PRODUCT_BUNDLE_IDENTIFIER = com.lps.WallpaperTests;
				PRODUCT_NAME = "$(TARGET_NAME)";
				SWIFT_VERSION = 5.0;
				TARGETED_DEVICE_FAMILY = "1,2";
				TEST_HOST = "$(BUILT_PRODUCTS_DIR)/Wallpaper.app/Wallpaper";
			};
			name = Release;
		};
		660AF25024B73E780042C2FB /* Debug */ = {
			isa = XCBuildConfiguration;
			buildSettings = {
				ALWAYS_EMBED_SWIFT_STANDARD_LIBRARIES = YES;
				CODE_SIGN_STYLE = Automatic;
				DEVELOPMENT_TEAM = 5VYP985JJ2;
				INFOPLIST_FILE = WallpaperUITests/Info.plist;
				LD_RUNPATH_SEARCH_PATHS = (
					"$(inherited)",
					"@executable_path/Frameworks",
					"@loader_path/Frameworks",
				);
				PRODUCT_BUNDLE_IDENTIFIER = com.lps.WallpaperUITests;
				PRODUCT_NAME = "$(TARGET_NAME)";
				SWIFT_VERSION = 5.0;
				TARGETED_DEVICE_FAMILY = "1,2";
				TEST_TARGET_NAME = Wallpaper;
			};
			name = Debug;
		};
		660AF25124B73E780042C2FB /* Release */ = {
			isa = XCBuildConfiguration;
			buildSettings = {
				ALWAYS_EMBED_SWIFT_STANDARD_LIBRARIES = YES;
				CODE_SIGN_STYLE = Automatic;
				DEVELOPMENT_TEAM = 5VYP985JJ2;
				INFOPLIST_FILE = WallpaperUITests/Info.plist;
				LD_RUNPATH_SEARCH_PATHS = (
					"$(inherited)",
					"@executable_path/Frameworks",
					"@loader_path/Frameworks",
				);
				PRODUCT_BUNDLE_IDENTIFIER = com.lps.WallpaperUITests;
				PRODUCT_NAME = "$(TARGET_NAME)";
				SWIFT_VERSION = 5.0;
				TARGETED_DEVICE_FAMILY = "1,2";
				TEST_TARGET_NAME = Wallpaper;
			};
			name = Release;
		};
/* End XCBuildConfiguration section */

/* Begin XCConfigurationList section */
		660AF21A24B73E760042C2FB /* Build configuration list for PBXProject "Wallpaper" */ = {
			isa = XCConfigurationList;
			buildConfigurations = (
				660AF24724B73E780042C2FB /* Debug */,
				660AF24824B73E780042C2FB /* Release */,
			);
			defaultConfigurationIsVisible = 0;
			defaultConfigurationName = Release;
		};
		660AF24924B73E780042C2FB /* Build configuration list for PBXNativeTarget "Wallpaper" */ = {
			isa = XCConfigurationList;
			buildConfigurations = (
				660AF24A24B73E780042C2FB /* Debug */,
				660AF24B24B73E780042C2FB /* Release */,
			);
			defaultConfigurationIsVisible = 0;
			defaultConfigurationName = Release;
		};
		660AF24C24B73E780042C2FB /* Build configuration list for PBXNativeTarget "WallpaperTests" */ = {
			isa = XCConfigurationList;
			buildConfigurations = (
				660AF24D24B73E780042C2FB /* Debug */,
				660AF24E24B73E780042C2FB /* Release */,
			);
			defaultConfigurationIsVisible = 0;
			defaultConfigurationName = Release;
		};
		660AF24F24B73E780042C2FB /* Build configuration list for PBXNativeTarget "WallpaperUITests" */ = {
			isa = XCConfigurationList;
			buildConfigurations = (
				660AF25024B73E780042C2FB /* Debug */,
				660AF25124B73E780042C2FB /* Release */,
			);
			defaultConfigurationIsVisible = 0;
			defaultConfigurationName = Release;
		};
/* End XCConfigurationList section */
	};
	rootObject = 660AF21724B73E760042C2FB /* Project object */;
}
